// !$*UTF8*$!
{
	archiveVersion = 1;
	classes = {
	};
	objectVersion = 46;
	objects = {

/* Begin PBXBuildFile section */
		18C7286113D7006400995D63 /* UIKit.framework in Frameworks */ = {isa = PBXBuildFile; fileRef = 18C7286013D7006400995D63 /* UIKit.framework */; };
		18C7286313D7006400995D63 /* Foundation.framework in Frameworks */ = {isa = PBXBuildFile; fileRef = 18C7286213D7006400995D63 /* Foundation.framework */; };
		18C7286513D7006400995D63 /* CoreGraphics.framework in Frameworks */ = {isa = PBXBuildFile; fileRef = 18C7286413D7006400995D63 /* CoreGraphics.framework */; };
		18C7286B13D7006400995D63 /* InfoPlist.strings in Resources */ = {isa = PBXBuildFile; fileRef = 18C7286913D7006400995D63 /* InfoPlist.strings */; };
		18C7286E13D7006400995D63 /* main.m in Sources */ = {isa = PBXBuildFile; fileRef = 18C7286D13D7006400995D63 /* main.m */; };
		18C7287113D7006400995D63 /* MyEyesAreHungryAppDelegate.m in Sources */ = {isa = PBXBuildFile; fileRef = 18C7287013D7006400995D63 /* MyEyesAreHungryAppDelegate.m */; };
		18C7287413D7006400995D63 /* MainWindow.xib in Resources */ = {isa = PBXBuildFile; fileRef = 18C7287213D7006400995D63 /* MainWindow.xib */; };
		18C7287713D7006400995D63 /* RootViewController.m in Sources */ = {isa = PBXBuildFile; fileRef = 18C7287613D7006400995D63 /* RootViewController.m */; };
		18C7287A13D7006400995D63 /* RootViewController.xib in Resources */ = {isa = PBXBuildFile; fileRef = 18C7287813D7006400995D63 /* RootViewController.xib */; };
		18C7288113D7006500995D63 /* UIKit.framework in Frameworks */ = {isa = PBXBuildFile; fileRef = 18C7286013D7006400995D63 /* UIKit.framework */; };
		18C7288213D7006500995D63 /* Foundation.framework in Frameworks */ = {isa = PBXBuildFile; fileRef = 18C7286213D7006400995D63 /* Foundation.framework */; };
		18C7288313D7006500995D63 /* CoreGraphics.framework in Frameworks */ = {isa = PBXBuildFile; fileRef = 18C7286413D7006400995D63 /* CoreGraphics.framework */; };
		18C7288B13D7006500995D63 /* InfoPlist.strings in Resources */ = {isa = PBXBuildFile; fileRef = 18C7288913D7006500995D63 /* InfoPlist.strings */; };
		18C7288E13D7006500995D63 /* MyEyesAreHungryTests.h in Resources */ = {isa = PBXBuildFile; fileRef = 18C7288D13D7006500995D63 /* MyEyesAreHungryTests.h */; };
		18C7289013D7006500995D63 /* MyEyesAreHungryTests.m in Sources */ = {isa = PBXBuildFile; fileRef = 18C7288F13D7006500995D63 /* MyEyesAreHungryTests.m */; };
		C5010DE913FF3C1A00D48B3C /* header_bar.png in Resources */ = {isa = PBXBuildFile; fileRef = C5010DE513FF3C1A00D48B3C /* header_bar.png */; };
		C5010DEA13FF3C1A00D48B3C /* header_bar@2x.png in Resources */ = {isa = PBXBuildFile; fileRef = C5010DE613FF3C1A00D48B3C /* header_bar@2x.png */; };
		C5010DEB13FF3C1A00D48B3C /* header_bar_logo.png in Resources */ = {isa = PBXBuildFile; fileRef = C5010DE713FF3C1A00D48B3C /* header_bar_logo.png */; };
		C5010DEC13FF3C1A00D48B3C /* header_bar_logo@2x.png in Resources */ = {isa = PBXBuildFile; fileRef = C5010DE813FF3C1A00D48B3C /* header_bar_logo@2x.png */; };
		C5274D3A13E88B420012F02D /* Entitlements.plist in Resources */ = {isa = PBXBuildFile; fileRef = C5274D3913E88B420012F02D /* Entitlements.plist */; };
		C557FEA613F30E6E000AEF78 /* UploadArrays.m in Sources */ = {isa = PBXBuildFile; fileRef = C557FEA513F30E6E000AEF78 /* UploadArrays.m */; };
		C5616ED31403305E007408AC /* bg.png in Resources */ = {isa = PBXBuildFile; fileRef = C5616ED21403305E007408AC /* bg.png */; };
		C5616F07140370C5007408AC /* UserImage.m in Sources */ = {isa = PBXBuildFile; fileRef = C5616F06140370C5007408AC /* UserImage.m */; };
		C56B272B13E2710000204F6D /* WebViewController.m in Sources */ = {isa = PBXBuildFile; fileRef = C56B272913E270FD00204F6D /* WebViewController.m */; };
		C56B272C13E2710000204F6D /* WebViewController.xib in Resources */ = {isa = PBXBuildFile; fileRef = C56B272A13E270FF00204F6D /* WebViewController.xib */; };
		C56B274913E27AD100204F6D /* UploadViewController.m in Sources */ = {isa = PBXBuildFile; fileRef = C56B274713E27AC800204F6D /* UploadViewController.m */; };
		C56B274A13E27AD100204F6D /* UploadViewController.xib in Resources */ = {isa = PBXBuildFile; fileRef = C56B274813E27ACB00204F6D /* UploadViewController.xib */; };
		C57C4DE713E4CB32000933B9 /* TextCell.xib in Resources */ = {isa = PBXBuildFile; fileRef = C57C4DE513E4CB32000933B9 /* TextCell.xib */; };
		C57C4DEB13E4CE56000933B9 /* TextCell.m in Sources */ = {isa = PBXBuildFile; fileRef = C57C4DEA13E4CE56000933B9 /* TextCell.m */; };
		C57CF4A014049FF000CA6CCB /* TextImageButton.m in Sources */ = {isa = PBXBuildFile; fileRef = C57CF49F14049FF000CA6CCB /* TextImageButton.m */; };
		C57CF4A41404A04100CA6CCB /* button.png in Resources */ = {isa = PBXBuildFile; fileRef = C57CF4A21404A04100CA6CCB /* button.png */; };
		C57CF4A51404A04100CA6CCB /* button@2x.png in Resources */ = {isa = PBXBuildFile; fileRef = C57CF4A31404A04100CA6CCB /* button@2x.png */; };
		C57CF4A81404BC9F00CA6CCB /* nav_back.png in Resources */ = {isa = PBXBuildFile; fileRef = C57CF4A61404BC9F00CA6CCB /* nav_back.png */; };
		C57CF4A91404BC9F00CA6CCB /* nav_back@2x.png in Resources */ = {isa = PBXBuildFile; fileRef = C57CF4A71404BC9F00CA6CCB /* nav_back@2x.png */; };
		C57CF4B91405F1FF00CA6CCB /* NavDeli.m in Sources */ = {isa = PBXBuildFile; fileRef = C57CF4B81405F1FD00CA6CCB /* NavDeli.m */; };
		C57CF4BC1405FE9D00CA6CCB /* BarButtonGen.m in Sources */ = {isa = PBXBuildFile; fileRef = C57CF4BB1405FE9B00CA6CCB /* BarButtonGen.m */; };
		C57CF4BF140601D500CA6CCB /* nav_rect.png in Resources */ = {isa = PBXBuildFile; fileRef = C57CF4BD140601D500CA6CCB /* nav_rect.png */; };
		C57CF4C0140601D500CA6CCB /* nav_rect@2x.png in Resources */ = {isa = PBXBuildFile; fileRef = C57CF4BE140601D500CA6CCB /* nav_rect@2x.png */; };
		C57E2E7C1416C01300B989FD /* libjpeg.a in Frameworks */ = {isa = PBXBuildFile; fileRef = C57E2E771416C01300B989FD /* libjpeg.a */; };
		C57E2E7D1416C01300B989FD /* libMagickCore.a in Frameworks */ = {isa = PBXBuildFile; fileRef = C57E2E781416C01300B989FD /* libMagickCore.a */; };
		C57E2E7E1416C01300B989FD /* libMagickWand.a in Frameworks */ = {isa = PBXBuildFile; fileRef = C57E2E791416C01300B989FD /* libMagickWand.a */; };
		C57E2E7F1416C01300B989FD /* libpng.a in Frameworks */ = {isa = PBXBuildFile; fileRef = C57E2E7A1416C01300B989FD /* libpng.a */; };
		C57E2E801416C01300B989FD /* libtiff.a in Frameworks */ = {isa = PBXBuildFile; fileRef = C57E2E7B1416C01300B989FD /* libtiff.a */; };
		C57E2E831416C08400B989FD /* ImageReference.m in Sources */ = {isa = PBXBuildFile; fileRef = C57E2E821416C08400B989FD /* ImageReference.m */; };
		C57E2FB31416C53D00B989FD /* coder.xml in Resources */ = {isa = PBXBuildFile; fileRef = C57E2F251416C53D00B989FD /* coder.xml */; };
		C57E2FB41416C53D00B989FD /* colors.xml in Resources */ = {isa = PBXBuildFile; fileRef = C57E2F261416C53D00B989FD /* colors.xml */; };
		C57E2FB51416C53D00B989FD /* configure.xml in Resources */ = {isa = PBXBuildFile; fileRef = C57E2F271416C53D00B989FD /* configure.xml */; };
		C57E2FB61416C53D00B989FD /* delegates.xml in Resources */ = {isa = PBXBuildFile; fileRef = C57E2F281416C53D00B989FD /* delegates.xml */; };
		C57E2FB71416C53D00B989FD /* english.xml in Resources */ = {isa = PBXBuildFile; fileRef = C57E2F291416C53D00B989FD /* english.xml */; };
		C57E2FB81416C53D00B989FD /* francais.xml in Resources */ = {isa = PBXBuildFile; fileRef = C57E2F2A1416C53D00B989FD /* francais.xml */; };
		C57E2FB91416C53D00B989FD /* locale.xml in Resources */ = {isa = PBXBuildFile; fileRef = C57E2F2B1416C53D00B989FD /* locale.xml */; };
		C57E2FBA1416C53D00B989FD /* log.xml in Resources */ = {isa = PBXBuildFile; fileRef = C57E2F2C1416C53D00B989FD /* log.xml */; };
		C57E2FBB1416C53D00B989FD /* magic.xml in Resources */ = {isa = PBXBuildFile; fileRef = C57E2F2D1416C53D00B989FD /* magic.xml */; };
		C57E2FBC1416C53D00B989FD /* mime.xml in Resources */ = {isa = PBXBuildFile; fileRef = C57E2F2E1416C53D00B989FD /* mime.xml */; };
		C57E2FBD1416C53D00B989FD /* policy.xml in Resources */ = {isa = PBXBuildFile; fileRef = C57E2F2F1416C53D00B989FD /* policy.xml */; };
		C57E2FBE1416C53D00B989FD /* thresholds.xml in Resources */ = {isa = PBXBuildFile; fileRef = C57E2F301416C53D00B989FD /* thresholds.xml */; };
		C57E2FBF1416C53D00B989FD /* type-dejavu.xml in Resources */ = {isa = PBXBuildFile; fileRef = C57E2F311416C53D00B989FD /* type-dejavu.xml */; };
		C57E2FC01416C53D00B989FD /* type-ghostscript.xml in Resources */ = {isa = PBXBuildFile; fileRef = C57E2F321416C53D00B989FD /* type-ghostscript.xml */; };
		C57E2FC11416C53D00B989FD /* type-windows.xml in Resources */ = {isa = PBXBuildFile; fileRef = C57E2F331416C53D00B989FD /* type-windows.xml */; };
		C57E2FC21416C53D00B989FD /* type.xml in Resources */ = {isa = PBXBuildFile; fileRef = C57E2F341416C53D00B989FD /* type.xml */; };
		C5838CA013E4DB340091FD2F /* LoginViewController.m in Sources */ = {isa = PBXBuildFile; fileRef = C5838C9E13E4DB340091FD2F /* LoginViewController.m */; };
		C5838CA113E4DB340091FD2F /* LoginViewController.xib in Resources */ = {isa = PBXBuildFile; fileRef = C5838C9F13E4DB340091FD2F /* LoginViewController.xib */; };
		C598ECED13FE2EB900430EEA /* NSDataAdditions.m in Sources */ = {isa = PBXBuildFile; fileRef = C598ECEA13FE2EB900430EEA /* NSDataAdditions.m */; };
		C598ECEE13FE2EB900430EEA /* TBXML.m in Sources */ = {isa = PBXBuildFile; fileRef = C598ECEC13FE2EB900430EEA /* TBXML.m */; };
		C5F264981410355100C8F1B0 /* User.m in Sources */ = {isa = PBXBuildFile; fileRef = C5F264971410355100C8F1B0 /* User.m */; };
		C5F27FE613FCE1B900AEB420 /* FollowsViewController.m in Sources */ = {isa = PBXBuildFile; fileRef = C5F27FE413FCE1B900AEB420 /* FollowsViewController.m */; };
		C5F27FE713FCE1B900AEB420 /* FollowsViewController.xib in Resources */ = {isa = PBXBuildFile; fileRef = C5F27FE513FCE1B900AEB420 /* FollowsViewController.xib */; };
		C5F4AB2413E75D46006C83F7 /* Security.framework in Frameworks */ = {isa = PBXBuildFile; fileRef = C5F4AB2313E75D46006C83F7 /* Security.framework */; };
		C5F4ABA113E77AAF006C83F7 /* CFNetwork.framework in Frameworks */ = {isa = PBXBuildFile; fileRef = C5F4ABA013E77AAF006C83F7 /* CFNetwork.framework */; };
		C5F4ABA313E77B07006C83F7 /* SystemConfiguration.framework in Frameworks */ = {isa = PBXBuildFile; fileRef = C5F4ABA213E77B07006C83F7 /* SystemConfiguration.framework */; };
		C5F4ABA513E77B12006C83F7 /* MobileCoreServices.framework in Frameworks */ = {isa = PBXBuildFile; fileRef = C5F4ABA413E77B12006C83F7 /* MobileCoreServices.framework */; };
		C5F4ABA713E77B76006C83F7 /* libz.dylib in Frameworks */ = {isa = PBXBuildFile; fileRef = C5F4ABA613E77B75006C83F7 /* libz.dylib */; };
		C5F4ABAE13E77EF4006C83F7 /* SFHFKeychainUtils.m in Sources */ = {isa = PBXBuildFile; fileRef = C5F4ABAD13E77EF4006C83F7 /* SFHFKeychainUtils.m */; };
		C5F963331412BB0E00082CFC /* ASIAuthenticationDialog.m in Sources */ = {isa = PBXBuildFile; fileRef = C5F9631C1412BB0E00082CFC /* ASIAuthenticationDialog.m */; };
		C5F963341412BB0E00082CFC /* ASIDataCompressor.m in Sources */ = {isa = PBXBuildFile; fileRef = C5F9631F1412BB0E00082CFC /* ASIDataCompressor.m */; };
		C5F963351412BB0E00082CFC /* ASIDataDecompressor.m in Sources */ = {isa = PBXBuildFile; fileRef = C5F963211412BB0E00082CFC /* ASIDataDecompressor.m */; };
		C5F963361412BB0E00082CFC /* ASIDownloadCache.m in Sources */ = {isa = PBXBuildFile; fileRef = C5F963231412BB0E00082CFC /* ASIDownloadCache.m */; };
		C5F963371412BB0E00082CFC /* ASIFormDataRequest.m in Sources */ = {isa = PBXBuildFile; fileRef = C5F963251412BB0E00082CFC /* ASIFormDataRequest.m */; };
		C5F963381412BB0E00082CFC /* ASIHTTPRequest.m in Sources */ = {isa = PBXBuildFile; fileRef = C5F963271412BB0E00082CFC /* ASIHTTPRequest.m */; };
		C5F963391412BB0E00082CFC /* ASIInputStream.m in Sources */ = {isa = PBXBuildFile; fileRef = C5F9632B1412BB0E00082CFC /* ASIInputStream.m */; };
		C5F9633A1412BB0E00082CFC /* ASINetworkQueue.m in Sources */ = {isa = PBXBuildFile; fileRef = C5F9632D1412BB0E00082CFC /* ASINetworkQueue.m */; };
		C5F9633D1412BB0E00082CFC /* Reachability.m in Sources */ = {isa = PBXBuildFile; fileRef = C5F963321412BB0E00082CFC /* Reachability.m */; };
		C5FEF8AE140C3D9000202AAA /* Default.png in Resources */ = {isa = PBXBuildFile; fileRef = C5FEF8A8140C3D9000202AAA /* Default.png */; };
		C5FEF8AF140C3D9000202AAA /* Default@2x.png in Resources */ = {isa = PBXBuildFile; fileRef = C5FEF8A9140C3D9000202AAA /* Default@2x.png */; };
		C5FEF8B0140C3D9000202AAA /* Icon-Small.png in Resources */ = {isa = PBXBuildFile; fileRef = C5FEF8AA140C3D9000202AAA /* Icon-Small.png */; };
		C5FEF8B1140C3D9000202AAA /* Icon-Small@2x.png in Resources */ = {isa = PBXBuildFile; fileRef = C5FEF8AB140C3D9000202AAA /* Icon-Small@2x.png */; };
		C5FEF8B2140C3D9000202AAA /* Icon.png in Resources */ = {isa = PBXBuildFile; fileRef = C5FEF8AC140C3D9000202AAA /* Icon.png */; };
		C5FEF8B3140C3D9000202AAA /* Icon@2x.png in Resources */ = {isa = PBXBuildFile; fileRef = C5FEF8AD140C3D9000202AAA /* Icon@2x.png */; };
/* End PBXBuildFile section */

/* Begin PBXContainerItemProxy section */
		18C7288413D7006500995D63 /* PBXContainerItemProxy */ = {
			isa = PBXContainerItemProxy;
			containerPortal = 18C7285313D7006400995D63 /* Project object */;
			proxyType = 1;
			remoteGlobalIDString = 18C7285B13D7006400995D63;
			remoteInfo = MyEyesAreHungry;
		};
/* End PBXContainerItemProxy section */

/* Begin PBXFileReference section */
		18C7285C13D7006400995D63 /* MyEyesAreHungry.app */ = {isa = PBXFileReference; explicitFileType = wrapper.application; includeInIndex = 0; path = MyEyesAreHungry.app; sourceTree = BUILT_PRODUCTS_DIR; };
		18C7286013D7006400995D63 /* UIKit.framework */ = {isa = PBXFileReference; lastKnownFileType = wrapper.framework; name = UIKit.framework; path = System/Library/Frameworks/UIKit.framework; sourceTree = SDKROOT; };
		18C7286213D7006400995D63 /* Foundation.framework */ = {isa = PBXFileReference; lastKnownFileType = wrapper.framework; name = Foundation.framework; path = System/Library/Frameworks/Foundation.framework; sourceTree = SDKROOT; };
		18C7286413D7006400995D63 /* CoreGraphics.framework */ = {isa = PBXFileReference; lastKnownFileType = wrapper.framework; name = CoreGraphics.framework; path = System/Library/Frameworks/CoreGraphics.framework; sourceTree = SDKROOT; };
		18C7286813D7006400995D63 /* MyEyesAreHungry-Info.plist */ = {isa = PBXFileReference; lastKnownFileType = text.plist.xml; path = "MyEyesAreHungry-Info.plist"; sourceTree = "<group>"; };
		18C7286A13D7006400995D63 /* en */ = {isa = PBXFileReference; lastKnownFileType = text.plist.strings; name = en; path = en.lproj/InfoPlist.strings; sourceTree = "<group>"; };
		18C7286C13D7006400995D63 /* MyEyesAreHungry-Prefix.pch */ = {isa = PBXFileReference; lastKnownFileType = sourcecode.c.h; path = "MyEyesAreHungry-Prefix.pch"; sourceTree = "<group>"; };
		18C7286D13D7006400995D63 /* main.m */ = {isa = PBXFileReference; lastKnownFileType = sourcecode.c.objc; path = main.m; sourceTree = "<group>"; };
		18C7286F13D7006400995D63 /* MyEyesAreHungryAppDelegate.h */ = {isa = PBXFileReference; lastKnownFileType = sourcecode.c.h; path = MyEyesAreHungryAppDelegate.h; sourceTree = "<group>"; };
		18C7287013D7006400995D63 /* MyEyesAreHungryAppDelegate.m */ = {isa = PBXFileReference; lastKnownFileType = sourcecode.c.objc; path = MyEyesAreHungryAppDelegate.m; sourceTree = "<group>"; };
		18C7287313D7006400995D63 /* en */ = {isa = PBXFileReference; lastKnownFileType = file.xib; name = en; path = en.lproj/MainWindow.xib; sourceTree = "<group>"; };
		18C7287513D7006400995D63 /* RootViewController.h */ = {isa = PBXFileReference; lastKnownFileType = sourcecode.c.h; path = RootViewController.h; sourceTree = "<group>"; };
		18C7287613D7006400995D63 /* RootViewController.m */ = {isa = PBXFileReference; lastKnownFileType = sourcecode.c.objc; path = RootViewController.m; sourceTree = "<group>"; };
		18C7287913D7006400995D63 /* en */ = {isa = PBXFileReference; lastKnownFileType = file.xib; name = en; path = en.lproj/RootViewController.xib; sourceTree = "<group>"; };
		18C7288013D7006500995D63 /* MyEyesAreHungryTests.octest */ = {isa = PBXFileReference; explicitFileType = wrapper.cfbundle; includeInIndex = 0; path = MyEyesAreHungryTests.octest; sourceTree = BUILT_PRODUCTS_DIR; };
		18C7288813D7006500995D63 /* MyEyesAreHungryTests-Info.plist */ = {isa = PBXFileReference; lastKnownFileType = text.plist.xml; path = "MyEyesAreHungryTests-Info.plist"; sourceTree = "<group>"; };
		18C7288A13D7006500995D63 /* en */ = {isa = PBXFileReference; lastKnownFileType = text.plist.strings; name = en; path = en.lproj/InfoPlist.strings; sourceTree = "<group>"; };
		18C7288C13D7006500995D63 /* MyEyesAreHungryTests-Prefix.pch */ = {isa = PBXFileReference; lastKnownFileType = sourcecode.c.h; path = "MyEyesAreHungryTests-Prefix.pch"; sourceTree = "<group>"; };
		18C7288D13D7006500995D63 /* MyEyesAreHungryTests.h */ = {isa = PBXFileReference; lastKnownFileType = sourcecode.c.h; path = MyEyesAreHungryTests.h; sourceTree = "<group>"; };
		18C7288F13D7006500995D63 /* MyEyesAreHungryTests.m */ = {isa = PBXFileReference; lastKnownFileType = sourcecode.c.objc; path = MyEyesAreHungryTests.m; sourceTree = "<group>"; };
		C5010DE513FF3C1A00D48B3C /* header_bar.png */ = {isa = PBXFileReference; lastKnownFileType = image.png; path = header_bar.png; sourceTree = "<group>"; };
		C5010DE613FF3C1A00D48B3C /* header_bar@2x.png */ = {isa = PBXFileReference; lastKnownFileType = image.png; path = "header_bar@2x.png"; sourceTree = "<group>"; };
		C5010DE713FF3C1A00D48B3C /* header_bar_logo.png */ = {isa = PBXFileReference; lastKnownFileType = image.png; path = header_bar_logo.png; sourceTree = "<group>"; };
		C5010DE813FF3C1A00D48B3C /* header_bar_logo@2x.png */ = {isa = PBXFileReference; lastKnownFileType = image.png; path = "header_bar_logo@2x.png"; sourceTree = "<group>"; };
		C5274D3913E88B420012F02D /* Entitlements.plist */ = {isa = PBXFileReference; fileEncoding = 4; lastKnownFileType = text.plist.xml; name = Entitlements.plist; path = ../Entitlements.plist; sourceTree = "<group>"; };
		C557FEA413F30E6E000AEF78 /* UploadArrays.h */ = {isa = PBXFileReference; fileEncoding = 4; lastKnownFileType = sourcecode.c.h; path = UploadArrays.h; sourceTree = "<group>"; };
		C557FEA513F30E6E000AEF78 /* UploadArrays.m */ = {isa = PBXFileReference; fileEncoding = 4; lastKnownFileType = sourcecode.c.objc; path = UploadArrays.m; sourceTree = "<group>"; };
		C5616ED21403305E007408AC /* bg.png */ = {isa = PBXFileReference; lastKnownFileType = image.png; path = bg.png; sourceTree = "<group>"; };
		C5616F05140370C5007408AC /* UserImage.h */ = {isa = PBXFileReference; fileEncoding = 4; lastKnownFileType = sourcecode.c.h; path = UserImage.h; sourceTree = "<group>"; };
		C5616F06140370C5007408AC /* UserImage.m */ = {isa = PBXFileReference; fileEncoding = 4; lastKnownFileType = sourcecode.c.objc; path = UserImage.m; sourceTree = "<group>"; };
		C56B272813E270FC00204F6D /* WebViewController.h */ = {isa = PBXFileReference; fileEncoding = 4; lastKnownFileType = sourcecode.c.h; path = WebViewController.h; sourceTree = "<group>"; };
		C56B272913E270FD00204F6D /* WebViewController.m */ = {isa = PBXFileReference; fileEncoding = 4; lastKnownFileType = sourcecode.c.objc; path = WebViewController.m; sourceTree = "<group>"; };
		C56B272A13E270FF00204F6D /* WebViewController.xib */ = {isa = PBXFileReference; fileEncoding = 4; lastKnownFileType = file.xib; path = WebViewController.xib; sourceTree = "<group>"; };
		C56B274613E27AC700204F6D /* UploadViewController.h */ = {isa = PBXFileReference; fileEncoding = 4; lastKnownFileType = sourcecode.c.h; path = UploadViewController.h; sourceTree = "<group>"; };
		C56B274713E27AC800204F6D /* UploadViewController.m */ = {isa = PBXFileReference; fileEncoding = 4; lastKnownFileType = sourcecode.c.objc; path = UploadViewController.m; sourceTree = "<group>"; };
		C56B274813E27ACB00204F6D /* UploadViewController.xib */ = {isa = PBXFileReference; fileEncoding = 4; lastKnownFileType = file.xib; path = UploadViewController.xib; sourceTree = "<group>"; };
		C57C4DE513E4CB32000933B9 /* TextCell.xib */ = {isa = PBXFileReference; fileEncoding = 4; lastKnownFileType = file.xib; path = TextCell.xib; sourceTree = "<group>"; };
		C57C4DE913E4CE56000933B9 /* TextCell.h */ = {isa = PBXFileReference; fileEncoding = 4; lastKnownFileType = sourcecode.c.h; path = TextCell.h; sourceTree = "<group>"; };
		C57C4DEA13E4CE56000933B9 /* TextCell.m */ = {isa = PBXFileReference; fileEncoding = 4; lastKnownFileType = sourcecode.c.objc; path = TextCell.m; sourceTree = "<group>"; };
		C57CF49E14049FF000CA6CCB /* TextImageButton.h */ = {isa = PBXFileReference; fileEncoding = 4; lastKnownFileType = sourcecode.c.h; path = TextImageButton.h; sourceTree = "<group>"; };
		C57CF49F14049FF000CA6CCB /* TextImageButton.m */ = {isa = PBXFileReference; fileEncoding = 4; lastKnownFileType = sourcecode.c.objc; path = TextImageButton.m; sourceTree = "<group>"; };
		C57CF4A21404A04100CA6CCB /* button.png */ = {isa = PBXFileReference; lastKnownFileType = image.png; path = button.png; sourceTree = "<group>"; };
		C57CF4A31404A04100CA6CCB /* button@2x.png */ = {isa = PBXFileReference; lastKnownFileType = image.png; path = "button@2x.png"; sourceTree = "<group>"; };
		C57CF4A61404BC9F00CA6CCB /* nav_back.png */ = {isa = PBXFileReference; lastKnownFileType = image.png; path = nav_back.png; sourceTree = "<group>"; };
		C57CF4A71404BC9F00CA6CCB /* nav_back@2x.png */ = {isa = PBXFileReference; lastKnownFileType = image.png; path = "nav_back@2x.png"; sourceTree = "<group>"; };
		C57CF4B71405F1FB00CA6CCB /* NavDeli.h */ = {isa = PBXFileReference; fileEncoding = 4; lastKnownFileType = sourcecode.c.h; path = NavDeli.h; sourceTree = "<group>"; };
		C57CF4B81405F1FD00CA6CCB /* NavDeli.m */ = {isa = PBXFileReference; fileEncoding = 4; lastKnownFileType = sourcecode.c.objc; path = NavDeli.m; sourceTree = "<group>"; };
		C57CF4BA1405FE9900CA6CCB /* BarButtonGen.h */ = {isa = PBXFileReference; fileEncoding = 4; lastKnownFileType = sourcecode.c.h; path = BarButtonGen.h; sourceTree = "<group>"; };
		C57CF4BB1405FE9B00CA6CCB /* BarButtonGen.m */ = {isa = PBXFileReference; fileEncoding = 4; lastKnownFileType = sourcecode.c.objc; path = BarButtonGen.m; sourceTree = "<group>"; };
		C57CF4BD140601D500CA6CCB /* nav_rect.png */ = {isa = PBXFileReference; lastKnownFileType = image.png; path = nav_rect.png; sourceTree = "<group>"; };
		C57CF4BE140601D500CA6CCB /* nav_rect@2x.png */ = {isa = PBXFileReference; lastKnownFileType = image.png; path = "nav_rect@2x.png"; sourceTree = "<group>"; };
		C57E2E771416C01300B989FD /* libjpeg.a */ = {isa = PBXFileReference; lastKnownFileType = archive.ar; name = libjpeg.a; path = MyEyesAreHungry/iOSMagickLibs/libjpeg.a; sourceTree = "<group>"; };
		C57E2E781416C01300B989FD /* libMagickCore.a */ = {isa = PBXFileReference; lastKnownFileType = archive.ar; name = libMagickCore.a; path = MyEyesAreHungry/iOSMagickLibs/libMagickCore.a; sourceTree = "<group>"; };
		C57E2E791416C01300B989FD /* libMagickWand.a */ = {isa = PBXFileReference; lastKnownFileType = archive.ar; name = libMagickWand.a; path = MyEyesAreHungry/iOSMagickLibs/libMagickWand.a; sourceTree = "<group>"; };
		C57E2E7A1416C01300B989FD /* libpng.a */ = {isa = PBXFileReference; lastKnownFileType = archive.ar; name = libpng.a; path = MyEyesAreHungry/iOSMagickLibs/libpng.a; sourceTree = "<group>"; };
		C57E2E7B1416C01300B989FD /* libtiff.a */ = {isa = PBXFileReference; lastKnownFileType = archive.ar; name = libtiff.a; path = MyEyesAreHungry/iOSMagickLibs/libtiff.a; sourceTree = "<group>"; };
		C57E2E811416C08400B989FD /* ImageReference.h */ = {isa = PBXFileReference; fileEncoding = 4; lastKnownFileType = sourcecode.c.h; path = ImageReference.h; sourceTree = "<group>"; };
		C57E2E821416C08400B989FD /* ImageReference.m */ = {isa = PBXFileReference; fileEncoding = 4; lastKnownFileType = sourcecode.c.objc; path = ImageReference.m; sourceTree = "<group>"; };
		C57E2F251416C53D00B989FD /* coder.xml */ = {isa = PBXFileReference; fileEncoding = 4; lastKnownFileType = text.xml; path = coder.xml; sourceTree = "<group>"; };
		C57E2F261416C53D00B989FD /* colors.xml */ = {isa = PBXFileReference; fileEncoding = 4; lastKnownFileType = text.xml; path = colors.xml; sourceTree = "<group>"; };
		C57E2F271416C53D00B989FD /* configure.xml */ = {isa = PBXFileReference; fileEncoding = 4; lastKnownFileType = text.xml; path = configure.xml; sourceTree = "<group>"; };
		C57E2F281416C53D00B989FD /* delegates.xml */ = {isa = PBXFileReference; fileEncoding = 4; lastKnownFileType = text.xml; path = delegates.xml; sourceTree = "<group>"; };
		C57E2F291416C53D00B989FD /* english.xml */ = {isa = PBXFileReference; fileEncoding = 4; lastKnownFileType = text.xml; path = english.xml; sourceTree = "<group>"; };
		C57E2F2A1416C53D00B989FD /* francais.xml */ = {isa = PBXFileReference; fileEncoding = 4; lastKnownFileType = text.xml; path = francais.xml; sourceTree = "<group>"; };
		C57E2F2B1416C53D00B989FD /* locale.xml */ = {isa = PBXFileReference; fileEncoding = 4; lastKnownFileType = text.xml; path = locale.xml; sourceTree = "<group>"; };
		C57E2F2C1416C53D00B989FD /* log.xml */ = {isa = PBXFileReference; fileEncoding = 4; lastKnownFileType = text.xml; path = log.xml; sourceTree = "<group>"; };
		C57E2F2D1416C53D00B989FD /* magic.xml */ = {isa = PBXFileReference; fileEncoding = 4; lastKnownFileType = text.xml; path = magic.xml; sourceTree = "<group>"; };
		C57E2F2E1416C53D00B989FD /* mime.xml */ = {isa = PBXFileReference; fileEncoding = 4; lastKnownFileType = text.xml; path = mime.xml; sourceTree = "<group>"; };
		C57E2F2F1416C53D00B989FD /* policy.xml */ = {isa = PBXFileReference; fileEncoding = 4; lastKnownFileType = text.xml; path = policy.xml; sourceTree = "<group>"; };
		C57E2F301416C53D00B989FD /* thresholds.xml */ = {isa = PBXFileReference; fileEncoding = 4; lastKnownFileType = text.xml; path = thresholds.xml; sourceTree = "<group>"; };
		C57E2F311416C53D00B989FD /* type-dejavu.xml */ = {isa = PBXFileReference; fileEncoding = 4; lastKnownFileType = text.xml; path = "type-dejavu.xml"; sourceTree = "<group>"; };
		C57E2F321416C53D00B989FD /* type-ghostscript.xml */ = {isa = PBXFileReference; fileEncoding = 4; lastKnownFileType = text.xml; path = "type-ghostscript.xml"; sourceTree = "<group>"; };
		C57E2F331416C53D00B989FD /* type-windows.xml */ = {isa = PBXFileReference; fileEncoding = 4; lastKnownFileType = text.xml; path = "type-windows.xml"; sourceTree = "<group>"; };
		C57E2F341416C53D00B989FD /* type.xml */ = {isa = PBXFileReference; fileEncoding = 4; lastKnownFileType = text.xml; path = type.xml; sourceTree = "<group>"; };
		C57E2F361416C53D00B989FD /* jconfig.h */ = {isa = PBXFileReference; fileEncoding = 4; lastKnownFileType = sourcecode.c.h; path = jconfig.h; sourceTree = "<group>"; };
		C57E2F371416C53D00B989FD /* jerror.h */ = {isa = PBXFileReference; fileEncoding = 4; lastKnownFileType = sourcecode.c.h; path = jerror.h; sourceTree = "<group>"; };
		C57E2F381416C53D00B989FD /* jmorecfg.h */ = {isa = PBXFileReference; fileEncoding = 4; lastKnownFileType = sourcecode.c.h; path = jmorecfg.h; sourceTree = "<group>"; };
		C57E2F391416C53D00B989FD /* jpeglib.h */ = {isa = PBXFileReference; fileEncoding = 4; lastKnownFileType = sourcecode.c.h; path = jpeglib.h; sourceTree = "<group>"; };
		C57E2F3B1416C53D00B989FD /* accelerate.h */ = {isa = PBXFileReference; fileEncoding = 4; lastKnownFileType = sourcecode.c.h; path = accelerate.h; sourceTree = "<group>"; };
		C57E2F3C1416C53D00B989FD /* animate.h */ = {isa = PBXFileReference; fileEncoding = 4; lastKnownFileType = sourcecode.c.h; path = animate.h; sourceTree = "<group>"; };
		C57E2F3D1416C53D00B989FD /* annotate.h */ = {isa = PBXFileReference; fileEncoding = 4; lastKnownFileType = sourcecode.c.h; path = annotate.h; sourceTree = "<group>"; };
		C57E2F3E1416C53D00B989FD /* api.h */ = {isa = PBXFileReference; fileEncoding = 4; lastKnownFileType = sourcecode.c.h; path = api.h; sourceTree = "<group>"; };
		C57E2F3F1416C53D00B989FD /* artifact.h */ = {isa = PBXFileReference; fileEncoding = 4; lastKnownFileType = sourcecode.c.h; path = artifact.h; sourceTree = "<group>"; };
		C57E2F401416C53D00B989FD /* attribute.h */ = {isa = PBXFileReference; fileEncoding = 4; lastKnownFileType = sourcecode.c.h; path = attribute.h; sourceTree = "<group>"; };
		C57E2F411416C53D00B989FD /* blob.h */ = {isa = PBXFileReference; fileEncoding = 4; lastKnownFileType = sourcecode.c.h; path = blob.h; sourceTree = "<group>"; };
		C57E2F421416C53D00B989FD /* cache-view.h */ = {isa = PBXFileReference; fileEncoding = 4; lastKnownFileType = sourcecode.c.h; path = "cache-view.h"; sourceTree = "<group>"; };
		C57E2F431416C53D00B989FD /* cache.h */ = {isa = PBXFileReference; fileEncoding = 4; lastKnownFileType = sourcecode.c.h; path = cache.h; sourceTree = "<group>"; };
		C57E2F441416C53D00B989FD /* cipher.h */ = {isa = PBXFileReference; fileEncoding = 4; lastKnownFileType = sourcecode.c.h; path = cipher.h; sourceTree = "<group>"; };
		C57E2F451416C53D00B989FD /* client.h */ = {isa = PBXFileReference; fileEncoding = 4; lastKnownFileType = sourcecode.c.h; path = client.h; sourceTree = "<group>"; };
		C57E2F461416C53D00B989FD /* coder.h */ = {isa = PBXFileReference; fileEncoding = 4; lastKnownFileType = sourcecode.c.h; path = coder.h; sourceTree = "<group>"; };
		C57E2F471416C53D00B989FD /* color.h */ = {isa = PBXFileReference; fileEncoding = 4; lastKnownFileType = sourcecode.c.h; path = color.h; sourceTree = "<group>"; };
		C57E2F481416C53D00B989FD /* colormap.h */ = {isa = PBXFileReference; fileEncoding = 4; lastKnownFileType = sourcecode.c.h; path = colormap.h; sourceTree = "<group>"; };
		C57E2F491416C53D00B989FD /* colorspace.h */ = {isa = PBXFileReference; fileEncoding = 4; lastKnownFileType = sourcecode.c.h; path = colorspace.h; sourceTree = "<group>"; };
		C57E2F4A1416C53D00B989FD /* compare.h */ = {isa = PBXFileReference; fileEncoding = 4; lastKnownFileType = sourcecode.c.h; path = compare.h; sourceTree = "<group>"; };
		C57E2F4B1416C53D00B989FD /* composite.h */ = {isa = PBXFileReference; fileEncoding = 4; lastKnownFileType = sourcecode.c.h; path = composite.h; sourceTree = "<group>"; };
		C57E2F4C1416C53D00B989FD /* compress.h */ = {isa = PBXFileReference; fileEncoding = 4; lastKnownFileType = sourcecode.c.h; path = compress.h; sourceTree = "<group>"; };
		C57E2F4D1416C53D00B989FD /* configure.h */ = {isa = PBXFileReference; fileEncoding = 4; lastKnownFileType = sourcecode.c.h; path = configure.h; sourceTree = "<group>"; };
		C57E2F4E1416C53D00B989FD /* constitute.h */ = {isa = PBXFileReference; fileEncoding = 4; lastKnownFileType = sourcecode.c.h; path = constitute.h; sourceTree = "<group>"; };
		C57E2F4F1416C53D00B989FD /* decorate.h */ = {isa = PBXFileReference; fileEncoding = 4; lastKnownFileType = sourcecode.c.h; path = decorate.h; sourceTree = "<group>"; };
		C57E2F501416C53D00B989FD /* delegate.h */ = {isa = PBXFileReference; fileEncoding = 4; lastKnownFileType = sourcecode.c.h; path = delegate.h; sourceTree = "<group>"; };
		C57E2F511416C53D00B989FD /* deprecate.h */ = {isa = PBXFileReference; fileEncoding = 4; lastKnownFileType = sourcecode.c.h; path = deprecate.h; sourceTree = "<group>"; };
		C57E2F521416C53D00B989FD /* display.h */ = {isa = PBXFileReference; fileEncoding = 4; lastKnownFileType = sourcecode.c.h; path = display.h; sourceTree = "<group>"; };
		C57E2F531416C53D00B989FD /* distort.h */ = {isa = PBXFileReference; fileEncoding = 4; lastKnownFileType = sourcecode.c.h; path = distort.h; sourceTree = "<group>"; };
		C57E2F541416C53D00B989FD /* draw.h */ = {isa = PBXFileReference; fileEncoding = 4; lastKnownFileType = sourcecode.c.h; path = draw.h; sourceTree = "<group>"; };
		C57E2F551416C53D00B989FD /* effect.h */ = {isa = PBXFileReference; fileEncoding = 4; lastKnownFileType = sourcecode.c.h; path = effect.h; sourceTree = "<group>"; };
		C57E2F561416C53D00B989FD /* enhance.h */ = {isa = PBXFileReference; fileEncoding = 4; lastKnownFileType = sourcecode.c.h; path = enhance.h; sourceTree = "<group>"; };
		C57E2F571416C53D00B989FD /* exception.h */ = {isa = PBXFileReference; fileEncoding = 4; lastKnownFileType = sourcecode.c.h; path = exception.h; sourceTree = "<group>"; };
		C57E2F581416C53D00B989FD /* feature.h */ = {isa = PBXFileReference; fileEncoding = 4; lastKnownFileType = sourcecode.c.h; path = feature.h; sourceTree = "<group>"; };
		C57E2F591416C53D00B989FD /* fourier.h */ = {isa = PBXFileReference; fileEncoding = 4; lastKnownFileType = sourcecode.c.h; path = fourier.h; sourceTree = "<group>"; };
		C57E2F5A1416C53D00B989FD /* fx.h */ = {isa = PBXFileReference; fileEncoding = 4; lastKnownFileType = sourcecode.c.h; path = fx.h; sourceTree = "<group>"; };
		C57E2F5B1416C53D00B989FD /* gem.h */ = {isa = PBXFileReference; fileEncoding = 4; lastKnownFileType = sourcecode.c.h; path = gem.h; sourceTree = "<group>"; };
		C57E2F5C1416C53D00B989FD /* geometry.h */ = {isa = PBXFileReference; fileEncoding = 4; lastKnownFileType = sourcecode.c.h; path = geometry.h; sourceTree = "<group>"; };
		C57E2F5D1416C53D00B989FD /* hashmap.h */ = {isa = PBXFileReference; fileEncoding = 4; lastKnownFileType = sourcecode.c.h; path = hashmap.h; sourceTree = "<group>"; };
		C57E2F5E1416C53D00B989FD /* histogram.h */ = {isa = PBXFileReference; fileEncoding = 4; lastKnownFileType = sourcecode.c.h; path = histogram.h; sourceTree = "<group>"; };
		C57E2F5F1416C53D00B989FD /* identify.h */ = {isa = PBXFileReference; fileEncoding = 4; lastKnownFileType = sourcecode.c.h; path = identify.h; sourceTree = "<group>"; };
		C57E2F601416C53D00B989FD /* image-view.h */ = {isa = PBXFileReference; fileEncoding = 4; lastKnownFileType = sourcecode.c.h; path = "image-view.h"; sourceTree = "<group>"; };
		C57E2F611416C53D00B989FD /* image.h */ = {isa = PBXFileReference; fileEncoding = 4; lastKnownFileType = sourcecode.c.h; path = image.h; sourceTree = "<group>"; };
		C57E2F621416C53D00B989FD /* ImageMagick.h */ = {isa = PBXFileReference; fileEncoding = 4; lastKnownFileType = sourcecode.c.h; path = ImageMagick.h; sourceTree = "<group>"; };
		C57E2F631416C53D00B989FD /* layer.h */ = {isa = PBXFileReference; fileEncoding = 4; lastKnownFileType = sourcecode.c.h; path = layer.h; sourceTree = "<group>"; };
		C57E2F641416C53D00B989FD /* list.h */ = {isa = PBXFileReference; fileEncoding = 4; lastKnownFileType = sourcecode.c.h; path = list.h; sourceTree = "<group>"; };
		C57E2F651416C53D00B989FD /* locale_.h */ = {isa = PBXFileReference; fileEncoding = 4; lastKnownFileType = sourcecode.c.h; path = locale_.h; sourceTree = "<group>"; };
		C57E2F661416C53D00B989FD /* log.h */ = {isa = PBXFileReference; fileEncoding = 4; lastKnownFileType = sourcecode.c.h; path = log.h; sourceTree = "<group>"; };
		C57E2F671416C53D00B989FD /* magic.h */ = {isa = PBXFileReference; fileEncoding = 4; lastKnownFileType = sourcecode.c.h; path = magic.h; sourceTree = "<group>"; };
		C57E2F681416C53D00B989FD /* magick-config.h */ = {isa = PBXFileReference; fileEncoding = 4; lastKnownFileType = sourcecode.c.h; path = "magick-config.h"; sourceTree = "<group>"; };
		C57E2F691416C53D00B989FD /* magick-type.h */ = {isa = PBXFileReference; fileEncoding = 4; lastKnownFileType = sourcecode.c.h; path = "magick-type.h"; sourceTree = "<group>"; };
		C57E2F6A1416C53D00B989FD /* magick.h */ = {isa = PBXFileReference; fileEncoding = 4; lastKnownFileType = sourcecode.c.h; path = magick.h; sourceTree = "<group>"; };
		C57E2F6B1416C53D00B989FD /* MagickCore.h */ = {isa = PBXFileReference; fileEncoding = 4; lastKnownFileType = sourcecode.c.h; path = MagickCore.h; sourceTree = "<group>"; };
		C57E2F6C1416C53D00B989FD /* matrix.h */ = {isa = PBXFileReference; fileEncoding = 4; lastKnownFileType = sourcecode.c.h; path = matrix.h; sourceTree = "<group>"; };
		C57E2F6D1416C53D00B989FD /* memory_.h */ = {isa = PBXFileReference; fileEncoding = 4; lastKnownFileType = sourcecode.c.h; path = memory_.h; sourceTree = "<group>"; };
		C57E2F6E1416C53D00B989FD /* methods.h */ = {isa = PBXFileReference; fileEncoding = 4; lastKnownFileType = sourcecode.c.h; path = methods.h; sourceTree = "<group>"; };
		C57E2F6F1416C53D00B989FD /* mime.h */ = {isa = PBXFileReference; fileEncoding = 4; lastKnownFileType = sourcecode.c.h; path = mime.h; sourceTree = "<group>"; };
		C57E2F701416C53D00B989FD /* module.h */ = {isa = PBXFileReference; fileEncoding = 4; lastKnownFileType = sourcecode.c.h; path = module.h; sourceTree = "<group>"; };
		C57E2F711416C53D00B989FD /* monitor.h */ = {isa = PBXFileReference; fileEncoding = 4; lastKnownFileType = sourcecode.c.h; path = monitor.h; sourceTree = "<group>"; };
		C57E2F721416C53D00B989FD /* montage.h */ = {isa = PBXFileReference; fileEncoding = 4; lastKnownFileType = sourcecode.c.h; path = montage.h; sourceTree = "<group>"; };
		C57E2F731416C53D00B989FD /* morphology.h */ = {isa = PBXFileReference; fileEncoding = 4; lastKnownFileType = sourcecode.c.h; path = morphology.h; sourceTree = "<group>"; };
		C57E2F741416C53D00B989FD /* option.h */ = {isa = PBXFileReference; fileEncoding = 4; lastKnownFileType = sourcecode.c.h; path = option.h; sourceTree = "<group>"; };
		C57E2F751416C53D00B989FD /* paint.h */ = {isa = PBXFileReference; fileEncoding = 4; lastKnownFileType = sourcecode.c.h; path = paint.h; sourceTree = "<group>"; };
		C57E2F761416C53D00B989FD /* pixel.h */ = {isa = PBXFileReference; fileEncoding = 4; lastKnownFileType = sourcecode.c.h; path = pixel.h; sourceTree = "<group>"; };
		C57E2F771416C53D00B989FD /* policy.h */ = {isa = PBXFileReference; fileEncoding = 4; lastKnownFileType = sourcecode.c.h; path = policy.h; sourceTree = "<group>"; };
		C57E2F781416C53D00B989FD /* prepress.h */ = {isa = PBXFileReference; fileEncoding = 4; lastKnownFileType = sourcecode.c.h; path = prepress.h; sourceTree = "<group>"; };
		C57E2F791416C53D00B989FD /* PreRvIcccm.h */ = {isa = PBXFileReference; fileEncoding = 4; lastKnownFileType = sourcecode.c.h; path = PreRvIcccm.h; sourceTree = "<group>"; };
		C57E2F7A1416C53D00B989FD /* profile.h */ = {isa = PBXFileReference; fileEncoding = 4; lastKnownFileType = sourcecode.c.h; path = profile.h; sourceTree = "<group>"; };
		C57E2F7B1416C53D00B989FD /* property.h */ = {isa = PBXFileReference; fileEncoding = 4; lastKnownFileType = sourcecode.c.h; path = property.h; sourceTree = "<group>"; };
		C57E2F7C1416C53D00B989FD /* quantize.h */ = {isa = PBXFileReference; fileEncoding = 4; lastKnownFileType = sourcecode.c.h; path = quantize.h; sourceTree = "<group>"; };
		C57E2F7D1416C53D00B989FD /* quantum.h */ = {isa = PBXFileReference; fileEncoding = 4; lastKnownFileType = sourcecode.c.h; path = quantum.h; sourceTree = "<group>"; };
		C57E2F7E1416C53D00B989FD /* random_.h */ = {isa = PBXFileReference; fileEncoding = 4; lastKnownFileType = sourcecode.c.h; path = random_.h; sourceTree = "<group>"; };
		C57E2F7F1416C53D00B989FD /* registry.h */ = {isa = PBXFileReference; fileEncoding = 4; lastKnownFileType = sourcecode.c.h; path = registry.h; sourceTree = "<group>"; };
		C57E2F801416C53D00B989FD /* resample.h */ = {isa = PBXFileReference; fileEncoding = 4; lastKnownFileType = sourcecode.c.h; path = resample.h; sourceTree = "<group>"; };
		C57E2F811416C53D00B989FD /* resize.h */ = {isa = PBXFileReference; fileEncoding = 4; lastKnownFileType = sourcecode.c.h; path = resize.h; sourceTree = "<group>"; };
		C57E2F821416C53D00B989FD /* resource_.h */ = {isa = PBXFileReference; fileEncoding = 4; lastKnownFileType = sourcecode.c.h; path = resource_.h; sourceTree = "<group>"; };
		C57E2F831416C53D00B989FD /* segment.h */ = {isa = PBXFileReference; fileEncoding = 4; lastKnownFileType = sourcecode.c.h; path = segment.h; sourceTree = "<group>"; };
		C57E2F841416C53D00B989FD /* semaphore.h */ = {isa = PBXFileReference; fileEncoding = 4; lastKnownFileType = sourcecode.c.h; path = semaphore.h; sourceTree = "<group>"; };
		C57E2F851416C53D00B989FD /* shear.h */ = {isa = PBXFileReference; fileEncoding = 4; lastKnownFileType = sourcecode.c.h; path = shear.h; sourceTree = "<group>"; };
		C57E2F861416C53D00B989FD /* signature.h */ = {isa = PBXFileReference; fileEncoding = 4; lastKnownFileType = sourcecode.c.h; path = signature.h; sourceTree = "<group>"; };
		C57E2F871416C53D00B989FD /* splay-tree.h */ = {isa = PBXFileReference; fileEncoding = 4; lastKnownFileType = sourcecode.c.h; path = "splay-tree.h"; sourceTree = "<group>"; };
		C57E2F881416C53D00B989FD /* statistic.h */ = {isa = PBXFileReference; fileEncoding = 4; lastKnownFileType = sourcecode.c.h; path = statistic.h; sourceTree = "<group>"; };
		C57E2F891416C53D00B989FD /* stream.h */ = {isa = PBXFileReference; fileEncoding = 4; lastKnownFileType = sourcecode.c.h; path = stream.h; sourceTree = "<group>"; };
		C57E2F8A1416C53D00B989FD /* string_.h */ = {isa = PBXFileReference; fileEncoding = 4; lastKnownFileType = sourcecode.c.h; path = string_.h; sourceTree = "<group>"; };
		C57E2F8B1416C53D00B989FD /* threshold.h */ = {isa = PBXFileReference; fileEncoding = 4; lastKnownFileType = sourcecode.c.h; path = threshold.h; sourceTree = "<group>"; };
		C57E2F8C1416C53D00B989FD /* timer.h */ = {isa = PBXFileReference; fileEncoding = 4; lastKnownFileType = sourcecode.c.h; path = timer.h; sourceTree = "<group>"; };
		C57E2F8D1416C53D00B989FD /* token.h */ = {isa = PBXFileReference; fileEncoding = 4; lastKnownFileType = sourcecode.c.h; path = token.h; sourceTree = "<group>"; };
		C57E2F8E1416C53D00B989FD /* transform.h */ = {isa = PBXFileReference; fileEncoding = 4; lastKnownFileType = sourcecode.c.h; path = transform.h; sourceTree = "<group>"; };
		C57E2F8F1416C53D00B989FD /* type.h */ = {isa = PBXFileReference; fileEncoding = 4; lastKnownFileType = sourcecode.c.h; path = type.h; sourceTree = "<group>"; };
		C57E2F901416C53D00B989FD /* utility.h */ = {isa = PBXFileReference; fileEncoding = 4; lastKnownFileType = sourcecode.c.h; path = utility.h; sourceTree = "<group>"; };
		C57E2F911416C53D00B989FD /* version.h */ = {isa = PBXFileReference; fileEncoding = 4; lastKnownFileType = sourcecode.c.h; path = version.h; sourceTree = "<group>"; };
		C57E2F921416C53D00B989FD /* widget.h */ = {isa = PBXFileReference; fileEncoding = 4; lastKnownFileType = sourcecode.c.h; path = widget.h; sourceTree = "<group>"; };
		C57E2F931416C53D00B989FD /* xml-tree.h */ = {isa = PBXFileReference; fileEncoding = 4; lastKnownFileType = sourcecode.c.h; path = "xml-tree.h"; sourceTree = "<group>"; };
		C57E2F941416C53D00B989FD /* xwindow.h */ = {isa = PBXFileReference; fileEncoding = 4; lastKnownFileType = sourcecode.c.h; path = xwindow.h; sourceTree = "<group>"; };
		C57E2F961416C53D00B989FD /* png.h */ = {isa = PBXFileReference; fileEncoding = 4; lastKnownFileType = sourcecode.c.h; path = png.h; sourceTree = "<group>"; };
		C57E2F971416C53D00B989FD /* pngconf.h */ = {isa = PBXFileReference; fileEncoding = 4; lastKnownFileType = sourcecode.c.h; path = pngconf.h; sourceTree = "<group>"; };
		C57E2F991416C53D00B989FD /* tiff.h */ = {isa = PBXFileReference; fileEncoding = 4; lastKnownFileType = sourcecode.c.h; path = tiff.h; sourceTree = "<group>"; };
		C57E2F9A1416C53D00B989FD /* tiffconf.h */ = {isa = PBXFileReference; fileEncoding = 4; lastKnownFileType = sourcecode.c.h; path = tiffconf.h; sourceTree = "<group>"; };
		C57E2F9B1416C53D00B989FD /* tiffio.h */ = {isa = PBXFileReference; fileEncoding = 4; lastKnownFileType = sourcecode.c.h; path = tiffio.h; sourceTree = "<group>"; };
		C57E2F9C1416C53D00B989FD /* tiffvers.h */ = {isa = PBXFileReference; fileEncoding = 4; lastKnownFileType = sourcecode.c.h; path = tiffvers.h; sourceTree = "<group>"; };
		C57E2F9E1416C53D00B989FD /* animate.h */ = {isa = PBXFileReference; fileEncoding = 4; lastKnownFileType = sourcecode.c.h; path = animate.h; sourceTree = "<group>"; };
		C57E2F9F1416C53D00B989FD /* compare.h */ = {isa = PBXFileReference; fileEncoding = 4; lastKnownFileType = sourcecode.c.h; path = compare.h; sourceTree = "<group>"; };
		C57E2FA01416C53D00B989FD /* composite.h */ = {isa = PBXFileReference; fileEncoding = 4; lastKnownFileType = sourcecode.c.h; path = composite.h; sourceTree = "<group>"; };
		C57E2FA11416C53D00B989FD /* conjure.h */ = {isa = PBXFileReference; fileEncoding = 4; lastKnownFileType = sourcecode.c.h; path = conjure.h; sourceTree = "<group>"; };
		C57E2FA21416C53D00B989FD /* convert.h */ = {isa = PBXFileReference; fileEncoding = 4; lastKnownFileType = sourcecode.c.h; path = convert.h; sourceTree = "<group>"; };
		C57E2FA31416C53D00B989FD /* deprecate.h */ = {isa = PBXFileReference; fileEncoding = 4; lastKnownFileType = sourcecode.c.h; path = deprecate.h; sourceTree = "<group>"; };
		C57E2FA41416C53D00B989FD /* display.h */ = {isa = PBXFileReference; fileEncoding = 4; lastKnownFileType = sourcecode.c.h; path = display.h; sourceTree = "<group>"; };
		C57E2FA51416C53D00B989FD /* drawing-wand.h */ = {isa = PBXFileReference; fileEncoding = 4; lastKnownFileType = sourcecode.c.h; path = "drawing-wand.h"; sourceTree = "<group>"; };
		C57E2FA61416C53D00B989FD /* identify.h */ = {isa = PBXFileReference; fileEncoding = 4; lastKnownFileType = sourcecode.c.h; path = identify.h; sourceTree = "<group>"; };
		C57E2FA71416C53D00B989FD /* import.h */ = {isa = PBXFileReference; fileEncoding = 4; lastKnownFileType = sourcecode.c.h; path = import.h; sourceTree = "<group>"; };
		C57E2FA81416C53D00B989FD /* magick-image.h */ = {isa = PBXFileReference; fileEncoding = 4; lastKnownFileType = sourcecode.c.h; path = "magick-image.h"; sourceTree = "<group>"; };
		C57E2FA91416C53D00B989FD /* magick-property.h */ = {isa = PBXFileReference; fileEncoding = 4; lastKnownFileType = sourcecode.c.h; path = "magick-property.h"; sourceTree = "<group>"; };
		C57E2FAA1416C53D00B989FD /* magick-wand.h */ = {isa = PBXFileReference; fileEncoding = 4; lastKnownFileType = sourcecode.c.h; path = "magick-wand.h"; sourceTree = "<group>"; };
		C57E2FAB1416C53D00B989FD /* magick_wand.h */ = {isa = PBXFileReference; fileEncoding = 4; lastKnownFileType = sourcecode.c.h; path = magick_wand.h; sourceTree = "<group>"; };
		C57E2FAC1416C53D00B989FD /* MagickWand.h */ = {isa = PBXFileReference; fileEncoding = 4; lastKnownFileType = sourcecode.c.h; path = MagickWand.h; sourceTree = "<group>"; };
		C57E2FAD1416C53D00B989FD /* mogrify.h */ = {isa = PBXFileReference; fileEncoding = 4; lastKnownFileType = sourcecode.c.h; path = mogrify.h; sourceTree = "<group>"; };
		C57E2FAE1416C53D00B989FD /* montage.h */ = {isa = PBXFileReference; fileEncoding = 4; lastKnownFileType = sourcecode.c.h; path = montage.h; sourceTree = "<group>"; };
		C57E2FAF1416C53D00B989FD /* pixel-iterator.h */ = {isa = PBXFileReference; fileEncoding = 4; lastKnownFileType = sourcecode.c.h; path = "pixel-iterator.h"; sourceTree = "<group>"; };
		C57E2FB01416C53D00B989FD /* pixel-wand.h */ = {isa = PBXFileReference; fileEncoding = 4; lastKnownFileType = sourcecode.c.h; path = "pixel-wand.h"; sourceTree = "<group>"; };
		C57E2FB11416C53D00B989FD /* stream.h */ = {isa = PBXFileReference; fileEncoding = 4; lastKnownFileType = sourcecode.c.h; path = stream.h; sourceTree = "<group>"; };
		C57E2FB21416C53D00B989FD /* wand-view.h */ = {isa = PBXFileReference; fileEncoding = 4; lastKnownFileType = sourcecode.c.h; path = "wand-view.h"; sourceTree = "<group>"; };
		C5838C9D13E4DB340091FD2F /* LoginViewController.h */ = {isa = PBXFileReference; fileEncoding = 4; lastKnownFileType = sourcecode.c.h; path = LoginViewController.h; sourceTree = "<group>"; };
		C5838C9E13E4DB340091FD2F /* LoginViewController.m */ = {isa = PBXFileReference; fileEncoding = 4; lastKnownFileType = sourcecode.c.objc; path = LoginViewController.m; sourceTree = "<group>"; };
		C5838C9F13E4DB340091FD2F /* LoginViewController.xib */ = {isa = PBXFileReference; fileEncoding = 4; lastKnownFileType = file.xib; path = LoginViewController.xib; sourceTree = "<group>"; };
		C598ECE913FE2EB900430EEA /* NSDataAdditions.h */ = {isa = PBXFileReference; fileEncoding = 4; lastKnownFileType = sourcecode.c.h; path = NSDataAdditions.h; sourceTree = "<group>"; };
		C598ECEA13FE2EB900430EEA /* NSDataAdditions.m */ = {isa = PBXFileReference; fileEncoding = 4; lastKnownFileType = sourcecode.c.objc; path = NSDataAdditions.m; sourceTree = "<group>"; };
		C598ECEB13FE2EB900430EEA /* TBXML.h */ = {isa = PBXFileReference; fileEncoding = 4; lastKnownFileType = sourcecode.c.h; path = TBXML.h; sourceTree = "<group>"; };
		C598ECEC13FE2EB900430EEA /* TBXML.m */ = {isa = PBXFileReference; fileEncoding = 4; lastKnownFileType = sourcecode.c.objc; path = TBXML.m; sourceTree = "<group>"; };
		C5F264961410355100C8F1B0 /* User.h */ = {isa = PBXFileReference; fileEncoding = 4; lastKnownFileType = sourcecode.c.h; path = User.h; sourceTree = "<group>"; };
		C5F264971410355100C8F1B0 /* User.m */ = {isa = PBXFileReference; fileEncoding = 4; lastKnownFileType = sourcecode.c.objc; path = User.m; sourceTree = "<group>"; };
		C5F27FE313FCE1B900AEB420 /* FollowsViewController.h */ = {isa = PBXFileReference; fileEncoding = 4; lastKnownFileType = sourcecode.c.h; path = FollowsViewController.h; sourceTree = "<group>"; };
		C5F27FE413FCE1B900AEB420 /* FollowsViewController.m */ = {isa = PBXFileReference; fileEncoding = 4; lastKnownFileType = sourcecode.c.objc; path = FollowsViewController.m; sourceTree = "<group>"; };
		C5F27FE513FCE1B900AEB420 /* FollowsViewController.xib */ = {isa = PBXFileReference; fileEncoding = 4; lastKnownFileType = file.xib; path = FollowsViewController.xib; sourceTree = "<group>"; };
		C5F4AB2313E75D46006C83F7 /* Security.framework */ = {isa = PBXFileReference; lastKnownFileType = wrapper.framework; name = Security.framework; path = System/Library/Frameworks/Security.framework; sourceTree = SDKROOT; };
		C5F4ABA013E77AAF006C83F7 /* CFNetwork.framework */ = {isa = PBXFileReference; lastKnownFileType = wrapper.framework; name = CFNetwork.framework; path = System/Library/Frameworks/CFNetwork.framework; sourceTree = SDKROOT; };
		C5F4ABA213E77B07006C83F7 /* SystemConfiguration.framework */ = {isa = PBXFileReference; lastKnownFileType = wrapper.framework; name = SystemConfiguration.framework; path = System/Library/Frameworks/SystemConfiguration.framework; sourceTree = SDKROOT; };
		C5F4ABA413E77B12006C83F7 /* MobileCoreServices.framework */ = {isa = PBXFileReference; lastKnownFileType = wrapper.framework; name = MobileCoreServices.framework; path = System/Library/Frameworks/MobileCoreServices.framework; sourceTree = SDKROOT; };
		C5F4ABA613E77B75006C83F7 /* libz.dylib */ = {isa = PBXFileReference; lastKnownFileType = "compiled.mach-o.dylib"; name = libz.dylib; path = usr/lib/libz.dylib; sourceTree = SDKROOT; };
		C5F4ABAC13E77EF4006C83F7 /* SFHFKeychainUtils.h */ = {isa = PBXFileReference; fileEncoding = 4; lastKnownFileType = sourcecode.c.h; path = SFHFKeychainUtils.h; sourceTree = "<group>"; };
		C5F4ABAD13E77EF4006C83F7 /* SFHFKeychainUtils.m */ = {isa = PBXFileReference; fileEncoding = 4; lastKnownFileType = sourcecode.c.objc; path = SFHFKeychainUtils.m; sourceTree = "<group>"; };
		C5F9631B1412BB0E00082CFC /* ASIAuthenticationDialog.h */ = {isa = PBXFileReference; fileEncoding = 4; lastKnownFileType = sourcecode.c.h; name = ASIAuthenticationDialog.h; path = ASIHTTPRequest/ASIAuthenticationDialog.h; sourceTree = "<group>"; };
		C5F9631C1412BB0E00082CFC /* ASIAuthenticationDialog.m */ = {isa = PBXFileReference; fileEncoding = 4; lastKnownFileType = sourcecode.c.objc; name = ASIAuthenticationDialog.m; path = ASIHTTPRequest/ASIAuthenticationDialog.m; sourceTree = "<group>"; };
		C5F9631D1412BB0E00082CFC /* ASICacheDelegate.h */ = {isa = PBXFileReference; fileEncoding = 4; lastKnownFileType = sourcecode.c.h; name = ASICacheDelegate.h; path = ASIHTTPRequest/ASICacheDelegate.h; sourceTree = "<group>"; };
		C5F9631E1412BB0E00082CFC /* ASIDataCompressor.h */ = {isa = PBXFileReference; fileEncoding = 4; lastKnownFileType = sourcecode.c.h; name = ASIDataCompressor.h; path = ASIHTTPRequest/ASIDataCompressor.h; sourceTree = "<group>"; };
		C5F9631F1412BB0E00082CFC /* ASIDataCompressor.m */ = {isa = PBXFileReference; fileEncoding = 4; lastKnownFileType = sourcecode.c.objc; name = ASIDataCompressor.m; path = ASIHTTPRequest/ASIDataCompressor.m; sourceTree = "<group>"; };
		C5F963201412BB0E00082CFC /* ASIDataDecompressor.h */ = {isa = PBXFileReference; fileEncoding = 4; lastKnownFileType = sourcecode.c.h; name = ASIDataDecompressor.h; path = ASIHTTPRequest/ASIDataDecompressor.h; sourceTree = "<group>"; };
		C5F963211412BB0E00082CFC /* ASIDataDecompressor.m */ = {isa = PBXFileReference; fileEncoding = 4; lastKnownFileType = sourcecode.c.objc; name = ASIDataDecompressor.m; path = ASIHTTPRequest/ASIDataDecompressor.m; sourceTree = "<group>"; };
		C5F963221412BB0E00082CFC /* ASIDownloadCache.h */ = {isa = PBXFileReference; fileEncoding = 4; lastKnownFileType = sourcecode.c.h; name = ASIDownloadCache.h; path = ASIHTTPRequest/ASIDownloadCache.h; sourceTree = "<group>"; };
		C5F963231412BB0E00082CFC /* ASIDownloadCache.m */ = {isa = PBXFileReference; fileEncoding = 4; lastKnownFileType = sourcecode.c.objc; name = ASIDownloadCache.m; path = ASIHTTPRequest/ASIDownloadCache.m; sourceTree = "<group>"; };
		C5F963241412BB0E00082CFC /* ASIFormDataRequest.h */ = {isa = PBXFileReference; fileEncoding = 4; lastKnownFileType = sourcecode.c.h; name = ASIFormDataRequest.h; path = ASIHTTPRequest/ASIFormDataRequest.h; sourceTree = "<group>"; };
		C5F963251412BB0E00082CFC /* ASIFormDataRequest.m */ = {isa = PBXFileReference; fileEncoding = 4; lastKnownFileType = sourcecode.c.objc; name = ASIFormDataRequest.m; path = ASIHTTPRequest/ASIFormDataRequest.m; sourceTree = "<group>"; };
		C5F963261412BB0E00082CFC /* ASIHTTPRequest.h */ = {isa = PBXFileReference; fileEncoding = 4; lastKnownFileType = sourcecode.c.h; name = ASIHTTPRequest.h; path = ASIHTTPRequest/ASIHTTPRequest.h; sourceTree = "<group>"; };
		C5F963271412BB0E00082CFC /* ASIHTTPRequest.m */ = {isa = PBXFileReference; fileEncoding = 4; lastKnownFileType = sourcecode.c.objc; name = ASIHTTPRequest.m; path = ASIHTTPRequest/ASIHTTPRequest.m; sourceTree = "<group>"; };
		C5F963281412BB0E00082CFC /* ASIHTTPRequestConfig.h */ = {isa = PBXFileReference; fileEncoding = 4; lastKnownFileType = sourcecode.c.h; name = ASIHTTPRequestConfig.h; path = ASIHTTPRequest/ASIHTTPRequestConfig.h; sourceTree = "<group>"; };
		C5F963291412BB0E00082CFC /* ASIHTTPRequestDelegate.h */ = {isa = PBXFileReference; fileEncoding = 4; lastKnownFileType = sourcecode.c.h; name = ASIHTTPRequestDelegate.h; path = ASIHTTPRequest/ASIHTTPRequestDelegate.h; sourceTree = "<group>"; };
		C5F9632A1412BB0E00082CFC /* ASIInputStream.h */ = {isa = PBXFileReference; fileEncoding = 4; lastKnownFileType = sourcecode.c.h; name = ASIInputStream.h; path = ASIHTTPRequest/ASIInputStream.h; sourceTree = "<group>"; };
		C5F9632B1412BB0E00082CFC /* ASIInputStream.m */ = {isa = PBXFileReference; fileEncoding = 4; lastKnownFileType = sourcecode.c.objc; name = ASIInputStream.m; path = ASIHTTPRequest/ASIInputStream.m; sourceTree = "<group>"; };
		C5F9632C1412BB0E00082CFC /* ASINetworkQueue.h */ = {isa = PBXFileReference; fileEncoding = 4; lastKnownFileType = sourcecode.c.h; name = ASINetworkQueue.h; path = ASIHTTPRequest/ASINetworkQueue.h; sourceTree = "<group>"; };
		C5F9632D1412BB0E00082CFC /* ASINetworkQueue.m */ = {isa = PBXFileReference; fileEncoding = 4; lastKnownFileType = sourcecode.c.objc; name = ASINetworkQueue.m; path = ASIHTTPRequest/ASINetworkQueue.m; sourceTree = "<group>"; };
		C5F9632E1412BB0E00082CFC /* ASIProgressDelegate.h */ = {isa = PBXFileReference; fileEncoding = 4; lastKnownFileType = sourcecode.c.h; name = ASIProgressDelegate.h; path = ASIHTTPRequest/ASIProgressDelegate.h; sourceTree = "<group>"; };
		C5F963311412BB0E00082CFC /* Reachability.h */ = {isa = PBXFileReference; fileEncoding = 4; lastKnownFileType = sourcecode.c.h; name = Reachability.h; path = ASIHTTPRequest/Reachability.h; sourceTree = "<group>"; };
		C5F963321412BB0E00082CFC /* Reachability.m */ = {isa = PBXFileReference; fileEncoding = 4; lastKnownFileType = sourcecode.c.objc; name = Reachability.m; path = ASIHTTPRequest/Reachability.m; sourceTree = "<group>"; };
		C5FEF8A8140C3D9000202AAA /* Default.png */ = {isa = PBXFileReference; lastKnownFileType = image.png; path = Default.png; sourceTree = "<group>"; };
		C5FEF8A9140C3D9000202AAA /* Default@2x.png */ = {isa = PBXFileReference; lastKnownFileType = image.png; path = "Default@2x.png"; sourceTree = "<group>"; };
		C5FEF8AA140C3D9000202AAA /* Icon-Small.png */ = {isa = PBXFileReference; lastKnownFileType = image.png; path = "Icon-Small.png"; sourceTree = "<group>"; };
		C5FEF8AB140C3D9000202AAA /* Icon-Small@2x.png */ = {isa = PBXFileReference; lastKnownFileType = image.png; path = "Icon-Small@2x.png"; sourceTree = "<group>"; };
		C5FEF8AC140C3D9000202AAA /* Icon.png */ = {isa = PBXFileReference; lastKnownFileType = image.png; path = Icon.png; sourceTree = "<group>"; };
		C5FEF8AD140C3D9000202AAA /* Icon@2x.png */ = {isa = PBXFileReference; lastKnownFileType = image.png; path = "Icon@2x.png"; sourceTree = "<group>"; };
/* End PBXFileReference section */

/* Begin PBXFrameworksBuildPhase section */
		18C7285913D7006400995D63 /* Frameworks */ = {
			isa = PBXFrameworksBuildPhase;
			buildActionMask = 2147483647;
			files = (
				C57E2E7C1416C01300B989FD /* libjpeg.a in Frameworks */,
				C57E2E7D1416C01300B989FD /* libMagickCore.a in Frameworks */,
				C57E2E7E1416C01300B989FD /* libMagickWand.a in Frameworks */,
				C57E2E7F1416C01300B989FD /* libpng.a in Frameworks */,
				C57E2E801416C01300B989FD /* libtiff.a in Frameworks */,
				C5F4ABA713E77B76006C83F7 /* libz.dylib in Frameworks */,
				C5F4ABA513E77B12006C83F7 /* MobileCoreServices.framework in Frameworks */,
				C5F4ABA313E77B07006C83F7 /* SystemConfiguration.framework in Frameworks */,
				C5F4ABA113E77AAF006C83F7 /* CFNetwork.framework in Frameworks */,
				C5F4AB2413E75D46006C83F7 /* Security.framework in Frameworks */,
				18C7286113D7006400995D63 /* UIKit.framework in Frameworks */,
				18C7286313D7006400995D63 /* Foundation.framework in Frameworks */,
				18C7286513D7006400995D63 /* CoreGraphics.framework in Frameworks */,
			);
			runOnlyForDeploymentPostprocessing = 0;
		};
		18C7287C13D7006500995D63 /* Frameworks */ = {
			isa = PBXFrameworksBuildPhase;
			buildActionMask = 2147483647;
			files = (
				18C7288113D7006500995D63 /* UIKit.framework in Frameworks */,
				18C7288213D7006500995D63 /* Foundation.framework in Frameworks */,
				18C7288313D7006500995D63 /* CoreGraphics.framework in Frameworks */,
			);
			runOnlyForDeploymentPostprocessing = 0;
		};
/* End PBXFrameworksBuildPhase section */

/* Begin PBXGroup section */
		18C7285113D7006400995D63 = {
			isa = PBXGroup;
			children = (
				18C7286613D7006400995D63 /* MyEyesAreHungry */,
				18C7288613D7006500995D63 /* MyEyesAreHungryTests */,
				18C7285F13D7006400995D63 /* Frameworks */,
				18C7285D13D7006400995D63 /* Products */,
			);
			sourceTree = "<group>";
		};
		18C7285D13D7006400995D63 /* Products */ = {
			isa = PBXGroup;
			children = (
				18C7285C13D7006400995D63 /* MyEyesAreHungry.app */,
				18C7288013D7006500995D63 /* MyEyesAreHungryTests.octest */,
			);
			name = Products;
			sourceTree = "<group>";
		};
		18C7285F13D7006400995D63 /* Frameworks */ = {
			isa = PBXGroup;
			children = (
				C57E2E771416C01300B989FD /* libjpeg.a */,
				C57E2E781416C01300B989FD /* libMagickCore.a */,
				C57E2E791416C01300B989FD /* libMagickWand.a */,
				C57E2E7A1416C01300B989FD /* libpng.a */,
				C57E2E7B1416C01300B989FD /* libtiff.a */,
				C5F4ABA613E77B75006C83F7 /* libz.dylib */,
				C5F4ABA413E77B12006C83F7 /* MobileCoreServices.framework */,
				C5F4ABA213E77B07006C83F7 /* SystemConfiguration.framework */,
				C5F4ABA013E77AAF006C83F7 /* CFNetwork.framework */,
				C5F4AB2313E75D46006C83F7 /* Security.framework */,
				18C7286013D7006400995D63 /* UIKit.framework */,
				18C7286213D7006400995D63 /* Foundation.framework */,
				18C7286413D7006400995D63 /* CoreGraphics.framework */,
			);
			name = Frameworks;
			sourceTree = "<group>";
		};
		18C7286613D7006400995D63 /* MyEyesAreHungry */ = {
			isa = PBXGroup;
			children = (
				C57E2F231416C53D00B989FD /* iOSMagickIncludes */,
				C5AE4D091408A104004396EE /* Resources */,
				C5010DE413FF3C1A00D48B3C /* Images */,
				C598ECE813FE2EB900430EEA /* TBXML */,
				C5F4ABA813E77E83006C83F7 /* SFHFKeychainUtils */,
				C5F4AB2513E77865006C83F7 /* ASIHTTPRequest */,
				C57E2E811416C08400B989FD /* ImageReference.h */,
				C57E2E821416C08400B989FD /* ImageReference.m */,
				C57CF4BA1405FE9900CA6CCB /* BarButtonGen.h */,
				C57CF4BB1405FE9B00CA6CCB /* BarButtonGen.m */,
				C57CF4B71405F1FB00CA6CCB /* NavDeli.h */,
				C57CF4B81405F1FD00CA6CCB /* NavDeli.m */,
				C5F264961410355100C8F1B0 /* User.h */,
				C5F264971410355100C8F1B0 /* User.m */,
				18C7286F13D7006400995D63 /* MyEyesAreHungryAppDelegate.h */,
				18C7287013D7006400995D63 /* MyEyesAreHungryAppDelegate.m */,
				18C7287513D7006400995D63 /* RootViewController.h */,
				18C7287613D7006400995D63 /* RootViewController.m */,
				C5838C9D13E4DB340091FD2F /* LoginViewController.h */,
				C5838C9E13E4DB340091FD2F /* LoginViewController.m */,
				C57C4DE913E4CE56000933B9 /* TextCell.h */,
				C57C4DEA13E4CE56000933B9 /* TextCell.m */,
				C56B274613E27AC700204F6D /* UploadViewController.h */,
				C56B274713E27AC800204F6D /* UploadViewController.m */,
				C557FEA413F30E6E000AEF78 /* UploadArrays.h */,
				C557FEA513F30E6E000AEF78 /* UploadArrays.m */,
				C56B272813E270FC00204F6D /* WebViewController.h */,
				C56B272913E270FD00204F6D /* WebViewController.m */,
				C5F27FE313FCE1B900AEB420 /* FollowsViewController.h */,
				C5F27FE413FCE1B900AEB420 /* FollowsViewController.m */,
				C5616F05140370C5007408AC /* UserImage.h */,
				C5616F06140370C5007408AC /* UserImage.m */,
				C57CF49E14049FF000CA6CCB /* TextImageButton.h */,
				C57CF49F14049FF000CA6CCB /* TextImageButton.m */,
				18C7286713D7006400995D63 /* Supporting Files */,
			);
			path = MyEyesAreHungry;
			sourceTree = "<group>";
		};
		18C7286713D7006400995D63 /* Supporting Files */ = {
			isa = PBXGroup;
			children = (
				C5274D3913E88B420012F02D /* Entitlements.plist */,
				18C7287213D7006400995D63 /* MainWindow.xib */,
				C57C4DE513E4CB32000933B9 /* TextCell.xib */,
				18C7287813D7006400995D63 /* RootViewController.xib */,
				C56B274813E27ACB00204F6D /* UploadViewController.xib */,
				C56B272A13E270FF00204F6D /* WebViewController.xib */,
				C5838C9F13E4DB340091FD2F /* LoginViewController.xib */,
				C5F27FE513FCE1B900AEB420 /* FollowsViewController.xib */,
				18C7286813D7006400995D63 /* MyEyesAreHungry-Info.plist */,
				18C7286913D7006400995D63 /* InfoPlist.strings */,
				18C7286C13D7006400995D63 /* MyEyesAreHungry-Prefix.pch */,
				18C7286D13D7006400995D63 /* main.m */,
			);
			name = "Supporting Files";
			sourceTree = "<group>";
		};
		18C7288613D7006500995D63 /* MyEyesAreHungryTests */ = {
			isa = PBXGroup;
			children = (
				18C7288D13D7006500995D63 /* MyEyesAreHungryTests.h */,
				18C7288F13D7006500995D63 /* MyEyesAreHungryTests.m */,
				18C7288713D7006500995D63 /* Supporting Files */,
			);
			path = MyEyesAreHungryTests;
			sourceTree = "<group>";
		};
		18C7288713D7006500995D63 /* Supporting Files */ = {
			isa = PBXGroup;
			children = (
				18C7288813D7006500995D63 /* MyEyesAreHungryTests-Info.plist */,
				18C7288913D7006500995D63 /* InfoPlist.strings */,
				18C7288C13D7006500995D63 /* MyEyesAreHungryTests-Prefix.pch */,
			);
			name = "Supporting Files";
			sourceTree = "<group>";
		};
		C5010DE413FF3C1A00D48B3C /* Images */ = {
			isa = PBXGroup;
			children = (
				C57CF4BD140601D500CA6CCB /* nav_rect.png */,
				C57CF4BE140601D500CA6CCB /* nav_rect@2x.png */,
				C57CF4A61404BC9F00CA6CCB /* nav_back.png */,
				C57CF4A71404BC9F00CA6CCB /* nav_back@2x.png */,
				C57CF4A21404A04100CA6CCB /* button.png */,
				C57CF4A31404A04100CA6CCB /* button@2x.png */,
				C5616ED21403305E007408AC /* bg.png */,
				C5010DE513FF3C1A00D48B3C /* header_bar.png */,
				C5010DE613FF3C1A00D48B3C /* header_bar@2x.png */,
				C5010DE713FF3C1A00D48B3C /* header_bar_logo.png */,
				C5010DE813FF3C1A00D48B3C /* header_bar_logo@2x.png */,
			);
			path = Images;
			sourceTree = "<group>";
		};
		C57E2F231416C53D00B989FD /* iOSMagickIncludes */ = {
			isa = PBXGroup;
			children = (
				C57E2F241416C53D00B989FD /* im_config */,
				C57E2F351416C53D00B989FD /* jpeg */,
				C57E2F3A1416C53D00B989FD /* magick */,
				C57E2F951416C53D00B989FD /* png */,
				C57E2F981416C53D00B989FD /* tiff */,
				C57E2F9D1416C53D00B989FD /* wand */,
			);
			path = iOSMagickIncludes;
			sourceTree = "<group>";
		};
		C57E2F241416C53D00B989FD /* im_config */ = {
			isa = PBXGroup;
			children = (
				C57E2F251416C53D00B989FD /* coder.xml */,
				C57E2F261416C53D00B989FD /* colors.xml */,
				C57E2F271416C53D00B989FD /* configure.xml */,
				C57E2F281416C53D00B989FD /* delegates.xml */,
				C57E2F291416C53D00B989FD /* english.xml */,
				C57E2F2A1416C53D00B989FD /* francais.xml */,
				C57E2F2B1416C53D00B989FD /* locale.xml */,
				C57E2F2C1416C53D00B989FD /* log.xml */,
				C57E2F2D1416C53D00B989FD /* magic.xml */,
				C57E2F2E1416C53D00B989FD /* mime.xml */,
				C57E2F2F1416C53D00B989FD /* policy.xml */,
				C57E2F301416C53D00B989FD /* thresholds.xml */,
				C57E2F311416C53D00B989FD /* type-dejavu.xml */,
				C57E2F321416C53D00B989FD /* type-ghostscript.xml */,
				C57E2F331416C53D00B989FD /* type-windows.xml */,
				C57E2F341416C53D00B989FD /* type.xml */,
			);
			path = im_config;
			sourceTree = "<group>";
		};
		C57E2F351416C53D00B989FD /* jpeg */ = {
			isa = PBXGroup;
			children = (
				C57E2F361416C53D00B989FD /* jconfig.h */,
				C57E2F371416C53D00B989FD /* jerror.h */,
				C57E2F381416C53D00B989FD /* jmorecfg.h */,
				C57E2F391416C53D00B989FD /* jpeglib.h */,
			);
			path = jpeg;
			sourceTree = "<group>";
		};
		C57E2F3A1416C53D00B989FD /* magick */ = {
			isa = PBXGroup;
			children = (
				C57E2F3B1416C53D00B989FD /* accelerate.h */,
				C57E2F3C1416C53D00B989FD /* animate.h */,
				C57E2F3D1416C53D00B989FD /* annotate.h */,
				C57E2F3E1416C53D00B989FD /* api.h */,
				C57E2F3F1416C53D00B989FD /* artifact.h */,
				C57E2F401416C53D00B989FD /* attribute.h */,
				C57E2F411416C53D00B989FD /* blob.h */,
				C57E2F421416C53D00B989FD /* cache-view.h */,
				C57E2F431416C53D00B989FD /* cache.h */,
				C57E2F441416C53D00B989FD /* cipher.h */,
				C57E2F451416C53D00B989FD /* client.h */,
				C57E2F461416C53D00B989FD /* coder.h */,
				C57E2F471416C53D00B989FD /* color.h */,
				C57E2F481416C53D00B989FD /* colormap.h */,
				C57E2F491416C53D00B989FD /* colorspace.h */,
				C57E2F4A1416C53D00B989FD /* compare.h */,
				C57E2F4B1416C53D00B989FD /* composite.h */,
				C57E2F4C1416C53D00B989FD /* compress.h */,
				C57E2F4D1416C53D00B989FD /* configure.h */,
				C57E2F4E1416C53D00B989FD /* constitute.h */,
				C57E2F4F1416C53D00B989FD /* decorate.h */,
				C57E2F501416C53D00B989FD /* delegate.h */,
				C57E2F511416C53D00B989FD /* deprecate.h */,
				C57E2F521416C53D00B989FD /* display.h */,
				C57E2F531416C53D00B989FD /* distort.h */,
				C57E2F541416C53D00B989FD /* draw.h */,
				C57E2F551416C53D00B989FD /* effect.h */,
				C57E2F561416C53D00B989FD /* enhance.h */,
				C57E2F571416C53D00B989FD /* exception.h */,
				C57E2F581416C53D00B989FD /* feature.h */,
				C57E2F591416C53D00B989FD /* fourier.h */,
				C57E2F5A1416C53D00B989FD /* fx.h */,
				C57E2F5B1416C53D00B989FD /* gem.h */,
				C57E2F5C1416C53D00B989FD /* geometry.h */,
				C57E2F5D1416C53D00B989FD /* hashmap.h */,
				C57E2F5E1416C53D00B989FD /* histogram.h */,
				C57E2F5F1416C53D00B989FD /* identify.h */,
				C57E2F601416C53D00B989FD /* image-view.h */,
				C57E2F611416C53D00B989FD /* image.h */,
				C57E2F621416C53D00B989FD /* ImageMagick.h */,
				C57E2F631416C53D00B989FD /* layer.h */,
				C57E2F641416C53D00B989FD /* list.h */,
				C57E2F651416C53D00B989FD /* locale_.h */,
				C57E2F661416C53D00B989FD /* log.h */,
				C57E2F671416C53D00B989FD /* magic.h */,
				C57E2F681416C53D00B989FD /* magick-config.h */,
				C57E2F691416C53D00B989FD /* magick-type.h */,
				C57E2F6A1416C53D00B989FD /* magick.h */,
				C57E2F6B1416C53D00B989FD /* MagickCore.h */,
				C57E2F6C1416C53D00B989FD /* matrix.h */,
				C57E2F6D1416C53D00B989FD /* memory_.h */,
				C57E2F6E1416C53D00B989FD /* methods.h */,
				C57E2F6F1416C53D00B989FD /* mime.h */,
				C57E2F701416C53D00B989FD /* module.h */,
				C57E2F711416C53D00B989FD /* monitor.h */,
				C57E2F721416C53D00B989FD /* montage.h */,
				C57E2F731416C53D00B989FD /* morphology.h */,
				C57E2F741416C53D00B989FD /* option.h */,
				C57E2F751416C53D00B989FD /* paint.h */,
				C57E2F761416C53D00B989FD /* pixel.h */,
				C57E2F771416C53D00B989FD /* policy.h */,
				C57E2F781416C53D00B989FD /* prepress.h */,
				C57E2F791416C53D00B989FD /* PreRvIcccm.h */,
				C57E2F7A1416C53D00B989FD /* profile.h */,
				C57E2F7B1416C53D00B989FD /* property.h */,
				C57E2F7C1416C53D00B989FD /* quantize.h */,
				C57E2F7D1416C53D00B989FD /* quantum.h */,
				C57E2F7E1416C53D00B989FD /* random_.h */,
				C57E2F7F1416C53D00B989FD /* registry.h */,
				C57E2F801416C53D00B989FD /* resample.h */,
				C57E2F811416C53D00B989FD /* resize.h */,
				C57E2F821416C53D00B989FD /* resource_.h */,
				C57E2F831416C53D00B989FD /* segment.h */,
				C57E2F841416C53D00B989FD /* semaphore.h */,
				C57E2F851416C53D00B989FD /* shear.h */,
				C57E2F861416C53D00B989FD /* signature.h */,
				C57E2F871416C53D00B989FD /* splay-tree.h */,
				C57E2F881416C53D00B989FD /* statistic.h */,
				C57E2F891416C53D00B989FD /* stream.h */,
				C57E2F8A1416C53D00B989FD /* string_.h */,
				C57E2F8B1416C53D00B989FD /* threshold.h */,
				C57E2F8C1416C53D00B989FD /* timer.h */,
				C57E2F8D1416C53D00B989FD /* token.h */,
				C57E2F8E1416C53D00B989FD /* transform.h */,
				C57E2F8F1416C53D00B989FD /* type.h */,
				C57E2F901416C53D00B989FD /* utility.h */,
				C57E2F911416C53D00B989FD /* version.h */,
				C57E2F921416C53D00B989FD /* widget.h */,
				C57E2F931416C53D00B989FD /* xml-tree.h */,
				C57E2F941416C53D00B989FD /* xwindow.h */,
			);
			path = magick;
			sourceTree = "<group>";
		};
		C57E2F951416C53D00B989FD /* png */ = {
			isa = PBXGroup;
			children = (
				C57E2F961416C53D00B989FD /* png.h */,
				C57E2F971416C53D00B989FD /* pngconf.h */,
			);
			path = png;
			sourceTree = "<group>";
		};
		C57E2F981416C53D00B989FD /* tiff */ = {
			isa = PBXGroup;
			children = (
				C57E2F991416C53D00B989FD /* tiff.h */,
				C57E2F9A1416C53D00B989FD /* tiffconf.h */,
				C57E2F9B1416C53D00B989FD /* tiffio.h */,
				C57E2F9C1416C53D00B989FD /* tiffvers.h */,
			);
			path = tiff;
			sourceTree = "<group>";
		};
		C57E2F9D1416C53D00B989FD /* wand */ = {
			isa = PBXGroup;
			children = (
				C57E2F9E1416C53D00B989FD /* animate.h */,
				C57E2F9F1416C53D00B989FD /* compare.h */,
				C57E2FA01416C53D00B989FD /* composite.h */,
				C57E2FA11416C53D00B989FD /* conjure.h */,
				C57E2FA21416C53D00B989FD /* convert.h */,
				C57E2FA31416C53D00B989FD /* deprecate.h */,
				C57E2FA41416C53D00B989FD /* display.h */,
				C57E2FA51416C53D00B989FD /* drawing-wand.h */,
				C57E2FA61416C53D00B989FD /* identify.h */,
				C57E2FA71416C53D00B989FD /* import.h */,
				C57E2FA81416C53D00B989FD /* magick-image.h */,
				C57E2FA91416C53D00B989FD /* magick-property.h */,
				C57E2FAA1416C53D00B989FD /* magick-wand.h */,
				C57E2FAB1416C53D00B989FD /* magick_wand.h */,
				C57E2FAC1416C53D00B989FD /* MagickWand.h */,
				C57E2FAD1416C53D00B989FD /* mogrify.h */,
				C57E2FAE1416C53D00B989FD /* montage.h */,
				C57E2FAF1416C53D00B989FD /* pixel-iterator.h */,
				C57E2FB01416C53D00B989FD /* pixel-wand.h */,
				C57E2FB11416C53D00B989FD /* stream.h */,
				C57E2FB21416C53D00B989FD /* wand-view.h */,
			);
			path = wand;
			sourceTree = "<group>";
		};
		C598ECE813FE2EB900430EEA /* TBXML */ = {
			isa = PBXGroup;
			children = (
				C598ECE913FE2EB900430EEA /* NSDataAdditions.h */,
				C598ECEA13FE2EB900430EEA /* NSDataAdditions.m */,
				C598ECEB13FE2EB900430EEA /* TBXML.h */,
				C598ECEC13FE2EB900430EEA /* TBXML.m */,
			);
			path = TBXML;
			sourceTree = "<group>";
		};
		C5AE4D091408A104004396EE /* Resources */ = {
			isa = PBXGroup;
			children = (
				C5FEF8A8140C3D9000202AAA /* Default.png */,
				C5FEF8A9140C3D9000202AAA /* Default@2x.png */,
				C5FEF8AA140C3D9000202AAA /* Icon-Small.png */,
				C5FEF8AB140C3D9000202AAA /* Icon-Small@2x.png */,
				C5FEF8AC140C3D9000202AAA /* Icon.png */,
				C5FEF8AD140C3D9000202AAA /* Icon@2x.png */,
			);
			path = Resources;
			sourceTree = "<group>";
		};
		C5F4AB2513E77865006C83F7 /* ASIHTTPRequest */ = {
			isa = PBXGroup;
			children = (
				C5F9631B1412BB0E00082CFC /* ASIAuthenticationDialog.h */,
				C5F9631C1412BB0E00082CFC /* ASIAuthenticationDialog.m */,
				C5F9631D1412BB0E00082CFC /* ASICacheDelegate.h */,
				C5F9631E1412BB0E00082CFC /* ASIDataCompressor.h */,
				C5F9631F1412BB0E00082CFC /* ASIDataCompressor.m */,
				C5F963201412BB0E00082CFC /* ASIDataDecompressor.h */,
				C5F963211412BB0E00082CFC /* ASIDataDecompressor.m */,
				C5F963221412BB0E00082CFC /* ASIDownloadCache.h */,
				C5F963231412BB0E00082CFC /* ASIDownloadCache.m */,
				C5F963241412BB0E00082CFC /* ASIFormDataRequest.h */,
				C5F963251412BB0E00082CFC /* ASIFormDataRequest.m */,
				C5F963261412BB0E00082CFC /* ASIHTTPRequest.h */,
				C5F963271412BB0E00082CFC /* ASIHTTPRequest.m */,
				C5F963281412BB0E00082CFC /* ASIHTTPRequestConfig.h */,
				C5F963291412BB0E00082CFC /* ASIHTTPRequestDelegate.h */,
				C5F9632A1412BB0E00082CFC /* ASIInputStream.h */,
				C5F9632B1412BB0E00082CFC /* ASIInputStream.m */,
				C5F9632C1412BB0E00082CFC /* ASINetworkQueue.h */,
				C5F9632D1412BB0E00082CFC /* ASINetworkQueue.m */,
				C5F9632E1412BB0E00082CFC /* ASIProgressDelegate.h */,
				C5F963311412BB0E00082CFC /* Reachability.h */,
				C5F963321412BB0E00082CFC /* Reachability.m */,
			);
			name = ASIHTTPRequest;
			sourceTree = "<group>";
		};
		C5F4ABA813E77E83006C83F7 /* SFHFKeychainUtils */ = {
			isa = PBXGroup;
			children = (
				C5F4ABAC13E77EF4006C83F7 /* SFHFKeychainUtils.h */,
				C5F4ABAD13E77EF4006C83F7 /* SFHFKeychainUtils.m */,
			);
			name = SFHFKeychainUtils;
			sourceTree = "<group>";
		};
/* End PBXGroup section */

/* Begin PBXNativeTarget section */
		18C7285B13D7006400995D63 /* MyEyesAreHungry */ = {
			isa = PBXNativeTarget;
			buildConfigurationList = 18C7289313D7006500995D63 /* Build configuration list for PBXNativeTarget "MyEyesAreHungry" */;
			buildPhases = (
				18C7285813D7006400995D63 /* Sources */,
				18C7285913D7006400995D63 /* Frameworks */,
				18C7285A13D7006400995D63 /* Resources */,
			);
			buildRules = (
			);
			dependencies = (
			);
			name = MyEyesAreHungry;
			productName = MyEyesAreHungry;
			productReference = 18C7285C13D7006400995D63 /* MyEyesAreHungry.app */;
			productType = "com.apple.product-type.application";
		};
		18C7287F13D7006500995D63 /* MyEyesAreHungryTests */ = {
			isa = PBXNativeTarget;
			buildConfigurationList = 18C7289613D7006500995D63 /* Build configuration list for PBXNativeTarget "MyEyesAreHungryTests" */;
			buildPhases = (
				18C7287B13D7006500995D63 /* Sources */,
				18C7287C13D7006500995D63 /* Frameworks */,
				18C7287D13D7006500995D63 /* Resources */,
				18C7287E13D7006500995D63 /* ShellScript */,
			);
			buildRules = (
			);
			dependencies = (
				18C7288513D7006500995D63 /* PBXTargetDependency */,
			);
			name = MyEyesAreHungryTests;
			productName = MyEyesAreHungryTests;
			productReference = 18C7288013D7006500995D63 /* MyEyesAreHungryTests.octest */;
			productType = "com.apple.product-type.bundle";
		};
/* End PBXNativeTarget section */

/* Begin PBXProject section */
		18C7285313D7006400995D63 /* Project object */ = {
			isa = PBXProject;
			attributes = {
				ORGANIZATIONNAME = self;
			};
			buildConfigurationList = 18C7285613D7006400995D63 /* Build configuration list for PBXProject "MyEyesAreHungry" */;
			compatibilityVersion = "Xcode 3.2";
			developmentRegion = English;
			hasScannedForEncodings = 0;
			knownRegions = (
				en,
			);
			mainGroup = 18C7285113D7006400995D63;
			productRefGroup = 18C7285D13D7006400995D63 /* Products */;
			projectDirPath = "";
			projectRoot = "";
			targets = (
				18C7285B13D7006400995D63 /* MyEyesAreHungry */,
				18C7287F13D7006500995D63 /* MyEyesAreHungryTests */,
			);
		};
/* End PBXProject section */

/* Begin PBXResourcesBuildPhase section */
		18C7285A13D7006400995D63 /* Resources */ = {
			isa = PBXResourcesBuildPhase;
			buildActionMask = 2147483647;
			files = (
				18C7286B13D7006400995D63 /* InfoPlist.strings in Resources */,
				18C7287413D7006400995D63 /* MainWindow.xib in Resources */,
				18C7287A13D7006400995D63 /* RootViewController.xib in Resources */,
				C56B272C13E2710000204F6D /* WebViewController.xib in Resources */,
				C56B274A13E27AD100204F6D /* UploadViewController.xib in Resources */,
				C57C4DE713E4CB32000933B9 /* TextCell.xib in Resources */,
				C5838CA113E4DB340091FD2F /* LoginViewController.xib in Resources */,
				C5274D3A13E88B420012F02D /* Entitlements.plist in Resources */,
				C5F27FE713FCE1B900AEB420 /* FollowsViewController.xib in Resources */,
				C5010DE913FF3C1A00D48B3C /* header_bar.png in Resources */,
				C5010DEA13FF3C1A00D48B3C /* header_bar@2x.png in Resources */,
				C5010DEB13FF3C1A00D48B3C /* header_bar_logo.png in Resources */,
				C5010DEC13FF3C1A00D48B3C /* header_bar_logo@2x.png in Resources */,
				C5616ED31403305E007408AC /* bg.png in Resources */,
				C57CF4A41404A04100CA6CCB /* button.png in Resources */,
				C57CF4A51404A04100CA6CCB /* button@2x.png in Resources */,
				C57CF4A81404BC9F00CA6CCB /* nav_back.png in Resources */,
				C57CF4A91404BC9F00CA6CCB /* nav_back@2x.png in Resources */,
				C57CF4BF140601D500CA6CCB /* nav_rect.png in Resources */,
				C57CF4C0140601D500CA6CCB /* nav_rect@2x.png in Resources */,
				C5FEF8AE140C3D9000202AAA /* Default.png in Resources */,
				C5FEF8AF140C3D9000202AAA /* Default@2x.png in Resources */,
				C5FEF8B0140C3D9000202AAA /* Icon-Small.png in Resources */,
				C5FEF8B1140C3D9000202AAA /* Icon-Small@2x.png in Resources */,
				C5FEF8B2140C3D9000202AAA /* Icon.png in Resources */,
				C5FEF8B3140C3D9000202AAA /* Icon@2x.png in Resources */,
				C57E2FB31416C53D00B989FD /* coder.xml in Resources */,
				C57E2FB41416C53D00B989FD /* colors.xml in Resources */,
				C57E2FB51416C53D00B989FD /* configure.xml in Resources */,
				C57E2FB61416C53D00B989FD /* delegates.xml in Resources */,
				C57E2FB71416C53D00B989FD /* english.xml in Resources */,
				C57E2FB81416C53D00B989FD /* francais.xml in Resources */,
				C57E2FB91416C53D00B989FD /* locale.xml in Resources */,
				C57E2FBA1416C53D00B989FD /* log.xml in Resources */,
				C57E2FBB1416C53D00B989FD /* magic.xml in Resources */,
				C57E2FBC1416C53D00B989FD /* mime.xml in Resources */,
				C57E2FBD1416C53D00B989FD /* policy.xml in Resources */,
				C57E2FBE1416C53D00B989FD /* thresholds.xml in Resources */,
				C57E2FBF1416C53D00B989FD /* type-dejavu.xml in Resources */,
				C57E2FC01416C53D00B989FD /* type-ghostscript.xml in Resources */,
				C57E2FC11416C53D00B989FD /* type-windows.xml in Resources */,
				C57E2FC21416C53D00B989FD /* type.xml in Resources */,
			);
			runOnlyForDeploymentPostprocessing = 0;
		};
		18C7287D13D7006500995D63 /* Resources */ = {
			isa = PBXResourcesBuildPhase;
			buildActionMask = 2147483647;
			files = (
				18C7288B13D7006500995D63 /* InfoPlist.strings in Resources */,
				18C7288E13D7006500995D63 /* MyEyesAreHungryTests.h in Resources */,
			);
			runOnlyForDeploymentPostprocessing = 0;
		};
/* End PBXResourcesBuildPhase section */

/* Begin PBXShellScriptBuildPhase section */
		18C7287E13D7006500995D63 /* ShellScript */ = {
			isa = PBXShellScriptBuildPhase;
			buildActionMask = 2147483647;
			files = (
			);
			inputPaths = (
			);
			outputPaths = (
			);
			runOnlyForDeploymentPostprocessing = 0;
			shellPath = /bin/sh;
			shellScript = "# Run the unit tests in this test bundle.\n\"${SYSTEM_DEVELOPER_DIR}/Tools/RunUnitTests\"\n";
		};
/* End PBXShellScriptBuildPhase section */

/* Begin PBXSourcesBuildPhase section */
		18C7285813D7006400995D63 /* Sources */ = {
			isa = PBXSourcesBuildPhase;
			buildActionMask = 2147483647;
			files = (
				18C7286E13D7006400995D63 /* main.m in Sources */,
				18C7287113D7006400995D63 /* MyEyesAreHungryAppDelegate.m in Sources */,
				18C7287713D7006400995D63 /* RootViewController.m in Sources */,
				C56B272B13E2710000204F6D /* WebViewController.m in Sources */,
				C56B274913E27AD100204F6D /* UploadViewController.m in Sources */,
				C57C4DEB13E4CE56000933B9 /* TextCell.m in Sources */,
				C5838CA013E4DB340091FD2F /* LoginViewController.m in Sources */,
				C5F4ABAE13E77EF4006C83F7 /* SFHFKeychainUtils.m in Sources */,
				C557FEA613F30E6E000AEF78 /* UploadArrays.m in Sources */,
				C5F27FE613FCE1B900AEB420 /* FollowsViewController.m in Sources */,
				C598ECED13FE2EB900430EEA /* NSDataAdditions.m in Sources */,
				C598ECEE13FE2EB900430EEA /* TBXML.m in Sources */,
				C5616F07140370C5007408AC /* UserImage.m in Sources */,
				C57CF4A014049FF000CA6CCB /* TextImageButton.m in Sources */,
				C57CF4B91405F1FF00CA6CCB /* NavDeli.m in Sources */,
				C57CF4BC1405FE9D00CA6CCB /* BarButtonGen.m in Sources */,
				C5F264981410355100C8F1B0 /* User.m in Sources */,
				C5F963331412BB0E00082CFC /* ASIAuthenticationDialog.m in Sources */,
				C5F963341412BB0E00082CFC /* ASIDataCompressor.m in Sources */,
				C5F963351412BB0E00082CFC /* ASIDataDecompressor.m in Sources */,
				C5F963361412BB0E00082CFC /* ASIDownloadCache.m in Sources */,
				C5F963371412BB0E00082CFC /* ASIFormDataRequest.m in Sources */,
				C5F963381412BB0E00082CFC /* ASIHTTPRequest.m in Sources */,
				C5F963391412BB0E00082CFC /* ASIInputStream.m in Sources */,
				C5F9633A1412BB0E00082CFC /* ASINetworkQueue.m in Sources */,
				C5F9633D1412BB0E00082CFC /* Reachability.m in Sources */,
				C57E2E831416C08400B989FD /* ImageReference.m in Sources */,
			);
			runOnlyForDeploymentPostprocessing = 0;
		};
		18C7287B13D7006500995D63 /* Sources */ = {
			isa = PBXSourcesBuildPhase;
			buildActionMask = 2147483647;
			files = (
				18C7289013D7006500995D63 /* MyEyesAreHungryTests.m in Sources */,
			);
			runOnlyForDeploymentPostprocessing = 0;
		};
/* End PBXSourcesBuildPhase section */

/* Begin PBXTargetDependency section */
		18C7288513D7006500995D63 /* PBXTargetDependency */ = {
			isa = PBXTargetDependency;
			target = 18C7285B13D7006400995D63 /* MyEyesAreHungry */;
			targetProxy = 18C7288413D7006500995D63 /* PBXContainerItemProxy */;
		};
/* End PBXTargetDependency section */

/* Begin PBXVariantGroup section */
		18C7286913D7006400995D63 /* InfoPlist.strings */ = {
			isa = PBXVariantGroup;
			children = (
				18C7286A13D7006400995D63 /* en */,
			);
			name = InfoPlist.strings;
			sourceTree = "<group>";
		};
		18C7287213D7006400995D63 /* MainWindow.xib */ = {
			isa = PBXVariantGroup;
			children = (
				18C7287313D7006400995D63 /* en */,
			);
			name = MainWindow.xib;
			sourceTree = "<group>";
		};
		18C7287813D7006400995D63 /* RootViewController.xib */ = {
			isa = PBXVariantGroup;
			children = (
				18C7287913D7006400995D63 /* en */,
			);
			name = RootViewController.xib;
			sourceTree = "<group>";
		};
		18C7288913D7006500995D63 /* InfoPlist.strings */ = {
			isa = PBXVariantGroup;
			children = (
				18C7288A13D7006500995D63 /* en */,
			);
			name = InfoPlist.strings;
			sourceTree = "<group>";
		};
/* End PBXVariantGroup section */

/* Begin XCBuildConfiguration section */
		18C7289113D7006500995D63 /* Debug */ = {
			isa = XCBuildConfiguration;
			buildSettings = {
				ARCHS = "$(ARCHS_STANDARD_32_BIT)";
				CODE_SIGN_IDENTITY = "iPhone Developer";
				"CODE_SIGN_IDENTITY[sdk=*]" = "iPhone Developer: neil meskauskis (L27Q89Z269)";
				GCC_C_LANGUAGE_STANDARD = gnu99;
				GCC_OPTIMIZATION_LEVEL = 0;
				GCC_PREPROCESSOR_DEFINITIONS = DEBUG;
				GCC_SYMBOLS_PRIVATE_EXTERN = NO;
				GCC_VERSION = com.apple.compilers.llvmgcc42;
				GCC_WARN_ABOUT_RETURN_TYPE = YES;
				GCC_WARN_UNUSED_VARIABLE = YES;
				IPHONEOS_DEPLOYMENT_TARGET = 4.3;
				OTHER_CFLAGS = "";
				"OTHER_CFLAGS[arch=*]" = "-DMEAH_TESTING";
				PROVISIONING_PROFILE = "";
				"PROVISIONING_PROFILE[sdk=*]" = "86148DAD-29A4-4DB8-8CC7-65181BE2B4BB";
				SDKROOT = iphoneos;
			};
			name = Debug;
		};
		18C7289213D7006500995D63 /* Release */ = {
			isa = XCBuildConfiguration;
			buildSettings = {
				ARCHS = "$(ARCHS_STANDARD_32_BIT)";
				CODE_SIGN_IDENTITY = "iPhone Developer";
				"CODE_SIGN_IDENTITY[sdk=*]" = "iPhone Developer: neil meskauskis (L27Q89Z269)";
				GCC_C_LANGUAGE_STANDARD = gnu99;
				GCC_VERSION = com.apple.compilers.llvmgcc42;
				GCC_WARN_ABOUT_RETURN_TYPE = YES;
				GCC_WARN_UNUSED_VARIABLE = YES;
				IPHONEOS_DEPLOYMENT_TARGET = 4.3;
				OTHER_CFLAGS = "-DNS_BLOCK_ASSERTIONS=1";
				PROVISIONING_PROFILE = "";
				"PROVISIONING_PROFILE[sdk=*]" = "86148DAD-29A4-4DB8-8CC7-65181BE2B4BB";
				SDKROOT = iphoneos;
			};
			name = Release;
		};
		18C7289413D7006500995D63 /* Debug */ = {
			isa = XCBuildConfiguration;
			buildSettings = {
				ALWAYS_SEARCH_USER_PATHS = NO;
				COPY_PHASE_STRIP = NO;
				GCC_DYNAMIC_NO_PIC = NO;
				GCC_PRECOMPILE_PREFIX_HEADER = YES;
				GCC_PREFIX_HEADER = "MyEyesAreHungry/MyEyesAreHungry-Prefix.pch";
				HEADER_SEARCH_PATHS = "\"$(SRCROOT)/MyEyesAreHungry/iOSMagickIncludes\"";
				INFOPLIST_FILE = "MyEyesAreHungry/MyEyesAreHungry-Info.plist";
				IPHONEOS_DEPLOYMENT_TARGET = 4.1;
				LIBRARY_SEARCH_PATHS = (
					"$(inherited)",
					"\"$(SRCROOT)/MyEyesAreHungry/iOSMagickLibs\"",
				);
				PRODUCT_NAME = "$(TARGET_NAME)";
				WRAPPER_EXTENSION = app;
			};
			name = Debug;
		};
		18C7289513D7006500995D63 /* Release */ = {
			isa = XCBuildConfiguration;
			buildSettings = {
				ALWAYS_SEARCH_USER_PATHS = NO;
				COPY_PHASE_STRIP = YES;
				GCC_PRECOMPILE_PREFIX_HEADER = YES;
				GCC_PREFIX_HEADER = "MyEyesAreHungry/MyEyesAreHungry-Prefix.pch";
				HEADER_SEARCH_PATHS = "\"$(SRCROOT)/MyEyesAreHungry/iOSMagickIncludes\"";
				INFOPLIST_FILE = "MyEyesAreHungry/MyEyesAreHungry-Info.plist";
				IPHONEOS_DEPLOYMENT_TARGET = 4.1;
				LIBRARY_SEARCH_PATHS = (
					"$(inherited)",
					"\"$(SRCROOT)/MyEyesAreHungry/iOSMagickLibs\"",
				);
				PRODUCT_NAME = "$(TARGET_NAME)";
				VALIDATE_PRODUCT = YES;
				WRAPPER_EXTENSION = app;
			};
			name = Release;
		};
		18C7289713D7006500995D63 /* Debug */ = {
			isa = XCBuildConfiguration;
			buildSettings = {
				ALWAYS_SEARCH_USER_PATHS = NO;
				BUNDLE_LOADER = "$(BUILT_PRODUCTS_DIR)/MyEyesAreHungry.app/MyEyesAreHungry";
				FRAMEWORK_SEARCH_PATHS = (
					"$(SDKROOT)/Developer/Library/Frameworks",
					"$(DEVELOPER_LIBRARY_DIR)/Frameworks",
				);
				GCC_PRECOMPILE_PREFIX_HEADER = YES;
				GCC_PREFIX_HEADER = "MyEyesAreHungryTests/MyEyesAreHungryTests-Prefix.pch";
				INFOPLIST_FILE = "MyEyesAreHungryTests/MyEyesAreHungryTests-Info.plist";
				OTHER_LDFLAGS = (
					"-framework",
					SenTestingKit,
				);
				PRODUCT_NAME = "$(TARGET_NAME)";
				TEST_HOST = "$(BUNDLE_LOADER)";
				WRAPPER_EXTENSION = octest;
			};
			name = Debug;
		};
		18C7289813D7006500995D63 /* Release */ = {
			isa = XCBuildConfiguration;
			buildSettings = {
				ALWAYS_SEARCH_USER_PATHS = NO;
				BUNDLE_LOADER = "$(BUILT_PRODUCTS_DIR)/MyEyesAreHungry.app/MyEyesAreHungry";
				FRAMEWORK_SEARCH_PATHS = (
					"$(SDKROOT)/Developer/Library/Frameworks",
					"$(DEVELOPER_LIBRARY_DIR)/Frameworks",
				);
				GCC_PRECOMPILE_PREFIX_HEADER = YES;
				GCC_PREFIX_HEADER = "MyEyesAreHungryTests/MyEyesAreHungryTests-Prefix.pch";
				INFOPLIST_FILE = "MyEyesAreHungryTests/MyEyesAreHungryTests-Info.plist";
				OTHER_LDFLAGS = (
					"-framework",
					SenTestingKit,
				);
				PRODUCT_NAME = "$(TARGET_NAME)";
				TEST_HOST = "$(BUNDLE_LOADER)";
				WRAPPER_EXTENSION = octest;
			};
			name = Release;
		};
		C5274D3613E88A780012F02D /* Ad Hoc */ = {
			isa = XCBuildConfiguration;
			buildSettings = {
				ARCHS = "$(ARCHS_STANDARD_32_BIT)";
				CODE_SIGN_IDENTITY = "iPhone Distribution";
				"CODE_SIGN_IDENTITY[sdk=*]" = "iPhone Distribution: neil meskauskis";
				GCC_C_LANGUAGE_STANDARD = gnu99;
				GCC_VERSION = com.apple.compilers.llvmgcc42;
				GCC_WARN_ABOUT_RETURN_TYPE = YES;
				GCC_WARN_UNUSED_VARIABLE = YES;
				IPHONEOS_DEPLOYMENT_TARGET = 4.3;
				OTHER_CFLAGS = "-DNS_BLOCK_ASSERTIONS=1";
				PROVISIONING_PROFILE = "";
				"PROVISIONING_PROFILE[sdk=*]" = "C79A82A3-9D7A-4D33-BBF5-484728E88C14";
				SDKROOT = iphoneos;
			};
			name = "Ad Hoc";
		};
		C5274D3713E88A780012F02D /* Ad Hoc */ = {
			isa = XCBuildConfiguration;
			buildSettings = {
				ALWAYS_SEARCH_USER_PATHS = NO;
				CODE_SIGN_ENTITLEMENTS = Entitlements.plist;
				CODE_SIGN_IDENTITY = "iPhone Distribution";
				"CODE_SIGN_IDENTITY[sdk=*]" = "iPhone Distribution";
				COPY_PHASE_STRIP = YES;
				GCC_PRECOMPILE_PREFIX_HEADER = YES;
				GCC_PREFIX_HEADER = "MyEyesAreHungry/MyEyesAreHungry-Prefix.pch";
				HEADER_SEARCH_PATHS = "\"$(SRCROOT)/MyEyesAreHungry/iOSMagickIncludes\"";
				INFOPLIST_FILE = "MyEyesAreHungry/MyEyesAreHungry-Info.plist";
				IPHONEOS_DEPLOYMENT_TARGET = 4.1;
				LIBRARY_SEARCH_PATHS = (
					"$(inherited)",
					"\"$(SRCROOT)/MyEyesAreHungry/iOSMagickLibs\"",
				);
				PRODUCT_NAME = "$(TARGET_NAME)";
				PROVISIONING_PROFILE = "";
				"PROVISIONING_PROFILE[sdk=*]" = "";
				VALIDATE_PRODUCT = YES;
				WRAPPER_EXTENSION = app;
			};
			name = "Ad Hoc";
		};
		C5274D3813E88A780012F02D /* Ad Hoc */ = {
			isa = XCBuildConfiguration;
			buildSettings = {
				ALWAYS_SEARCH_USER_PATHS = NO;
				BUNDLE_LOADER = "$(BUILT_PRODUCTS_DIR)/MyEyesAreHungry.app/MyEyesAreHungry";
				FRAMEWORK_SEARCH_PATHS = (
					"$(SDKROOT)/Developer/Library/Frameworks",
					"$(DEVELOPER_LIBRARY_DIR)/Frameworks",
				);
				GCC_PRECOMPILE_PREFIX_HEADER = YES;
				GCC_PREFIX_HEADER = "MyEyesAreHungryTests/MyEyesAreHungryTests-Prefix.pch";
				INFOPLIST_FILE = "MyEyesAreHungryTests/MyEyesAreHungryTests-Info.plist";
				OTHER_LDFLAGS = (
					"-framework",
					SenTestingKit,
				);
				PRODUCT_NAME = "$(TARGET_NAME)";
				TEST_HOST = "$(BUNDLE_LOADER)";
				WRAPPER_EXTENSION = octest;
			};
			name = "Ad Hoc";
		};
/* End XCBuildConfiguration section */

/* Begin XCConfigurationList section */
		18C7285613D7006400995D63 /* Build configuration list for PBXProject "MyEyesAreHungry" */ = {
			isa = XCConfigurationList;
			buildConfigurations = (
				18C7289113D7006500995D63 /* Debug */,
				18C7289213D7006500995D63 /* Release */,
				C5274D3613E88A780012F02D /* Ad Hoc */,
			);
			defaultConfigurationIsVisible = 0;
			defaultConfigurationName = Debug;
		};
		18C7289313D7006500995D63 /* Build configuration list for PBXNativeTarget "MyEyesAreHungry" */ = {
			isa = XCConfigurationList;
			buildConfigurations = (
				18C7289413D7006500995D63 /* Debug */,
				18C7289513D7006500995D63 /* Release */,
				C5274D3713E88A780012F02D /* Ad Hoc */,
			);
			defaultConfigurationIsVisible = 0;
			defaultConfigurationName = Debug;
		};
		18C7289613D7006500995D63 /* Build configuration list for PBXNativeTarget "MyEyesAreHungryTests" */ = {
			isa = XCConfigurationList;
			buildConfigurations = (
				18C7289713D7006500995D63 /* Debug */,
				18C7289813D7006500995D63 /* Release */,
				C5274D3813E88A780012F02D /* Ad Hoc */,
			);
			defaultConfigurationIsVisible = 0;
			defaultConfigurationName = Debug;
		};
/* End XCConfigurationList section */
	};
	rootObject = 18C7285313D7006400995D63 /* Project object */;
}
