// !$*UTF8*$!
{
	archiveVersion = 1;
	classes = {
	};
	objectVersion = 46;
	objects = {

/* Begin PBXBuildFile section */
		18C7286113D7006400995D63 /* UIKit.framework in Frameworks */ = {isa = PBXBuildFile; fileRef = 18C7286013D7006400995D63 /* UIKit.framework */; };
		18C7286313D7006400995D63 /* Foundation.framework in Frameworks */ = {isa = PBXBuildFile; fileRef = 18C7286213D7006400995D63 /* Foundation.framework */; };
		18C7286513D7006400995D63 /* CoreGraphics.framework in Frameworks */ = {isa = PBXBuildFile; fileRef = 18C7286413D7006400995D63 /* CoreGraphics.framework */; };
		18C7286B13D7006400995D63 /* InfoPlist.strings in Resources */ = {isa = PBXBuildFile; fileRef = 18C7286913D7006400995D63 /* InfoPlist.strings */; };
		18C7286E13D7006400995D63 /* main.m in Sources */ = {isa = PBXBuildFile; fileRef = 18C7286D13D7006400995D63 /* main.m */; };
		18C7287113D7006400995D63 /* MyEyesAreHungryAppDelegate.m in Sources */ = {isa = PBXBuildFile; fileRef = 18C7287013D7006400995D63 /* MyEyesAreHungryAppDelegate.m */; };
		18C7287413D7006400995D63 /* MainWindow.xib in Resources */ = {isa = PBXBuildFile; fileRef = 18C7287213D7006400995D63 /* MainWindow.xib */; };
		18C7287713D7006400995D63 /* RootViewController.m in Sources */ = {isa = PBXBuildFile; fileRef = 18C7287613D7006400995D63 /* RootViewController.m */; };
		18C7287A13D7006400995D63 /* RootViewController.xib in Resources */ = {isa = PBXBuildFile; fileRef = 18C7287813D7006400995D63 /* RootViewController.xib */; };
		18C7288113D7006500995D63 /* UIKit.framework in Frameworks */ = {isa = PBXBuildFile; fileRef = 18C7286013D7006400995D63 /* UIKit.framework */; };
		18C7288213D7006500995D63 /* Foundation.framework in Frameworks */ = {isa = PBXBuildFile; fileRef = 18C7286213D7006400995D63 /* Foundation.framework */; };
		18C7288313D7006500995D63 /* CoreGraphics.framework in Frameworks */ = {isa = PBXBuildFile; fileRef = 18C7286413D7006400995D63 /* CoreGraphics.framework */; };
		18C7288B13D7006500995D63 /* InfoPlist.strings in Resources */ = {isa = PBXBuildFile; fileRef = 18C7288913D7006500995D63 /* InfoPlist.strings */; };
		18C7288E13D7006500995D63 /* MyEyesAreHungryTests.h in Resources */ = {isa = PBXBuildFile; fileRef = 18C7288D13D7006500995D63 /* MyEyesAreHungryTests.h */; };
		18C7289013D7006500995D63 /* MyEyesAreHungryTests.m in Sources */ = {isa = PBXBuildFile; fileRef = 18C7288F13D7006500995D63 /* MyEyesAreHungryTests.m */; };
		C5274D3A13E88B420012F02D /* Entitlements.plist in Resources */ = {isa = PBXBuildFile; fileRef = C5274D3913E88B420012F02D /* Entitlements.plist */; };
		C54B445013E9EAF30073578C /* UserPass.m in Sources */ = {isa = PBXBuildFile; fileRef = C54B444F13E9EAF30073578C /* UserPass.m */; };
		C557FEA613F30E6E000AEF78 /* UploadArrays.m in Sources */ = {isa = PBXBuildFile; fileRef = C557FEA513F30E6E000AEF78 /* UploadArrays.m */; };
		C55FB13113EF747A00ABAD1D /* Login.m in Sources */ = {isa = PBXBuildFile; fileRef = C55FB13013EF747A00ABAD1D /* Login.m */; };
		C56B272B13E2710000204F6D /* WebViewController.m in Sources */ = {isa = PBXBuildFile; fileRef = C56B272913E270FD00204F6D /* WebViewController.m */; };
		C56B272C13E2710000204F6D /* WebViewController.xib in Resources */ = {isa = PBXBuildFile; fileRef = C56B272A13E270FF00204F6D /* WebViewController.xib */; };
		C56B274913E27AD100204F6D /* UploadViewController.m in Sources */ = {isa = PBXBuildFile; fileRef = C56B274713E27AC800204F6D /* UploadViewController.m */; };
		C56B274A13E27AD100204F6D /* UploadViewController.xib in Resources */ = {isa = PBXBuildFile; fileRef = C56B274813E27ACB00204F6D /* UploadViewController.xib */; };
		C57C4DE713E4CB32000933B9 /* TextCell.xib in Resources */ = {isa = PBXBuildFile; fileRef = C57C4DE513E4CB32000933B9 /* TextCell.xib */; };
		C57C4DEB13E4CE56000933B9 /* TextCell.m in Sources */ = {isa = PBXBuildFile; fileRef = C57C4DEA13E4CE56000933B9 /* TextCell.m */; };
		C5838CA013E4DB340091FD2F /* LoginViewController.m in Sources */ = {isa = PBXBuildFile; fileRef = C5838C9E13E4DB340091FD2F /* LoginViewController.m */; };
		C5838CA113E4DB340091FD2F /* LoginViewController.xib in Resources */ = {isa = PBXBuildFile; fileRef = C5838C9F13E4DB340091FD2F /* LoginViewController.xib */; };
		C5B7A1F913EE1BE000837FCF /* header_bar_logo_small.png in Resources */ = {isa = PBXBuildFile; fileRef = C5B7A1F813EE1BE000837FCF /* header_bar_logo_small.png */; };
		C5B7A1FB13EE1DF200837FCF /* header_bar_small.png in Resources */ = {isa = PBXBuildFile; fileRef = C5B7A1FA13EE1DF200837FCF /* header_bar_small.png */; };
		C5EAA93213EFC19B005190FC /* frank.jpeg in Resources */ = {isa = PBXBuildFile; fileRef = C5EAA93113EFC19B005190FC /* frank.jpeg */; };
		C5F27FE613FCE1B900AEB420 /* FollowsViewController.m in Sources */ = {isa = PBXBuildFile; fileRef = C5F27FE413FCE1B900AEB420 /* FollowsViewController.m */; };
		C5F27FE713FCE1B900AEB420 /* FollowsViewController.xib in Resources */ = {isa = PBXBuildFile; fileRef = C5F27FE513FCE1B900AEB420 /* FollowsViewController.xib */; };
		C5F4AB2413E75D46006C83F7 /* Security.framework in Frameworks */ = {isa = PBXBuildFile; fileRef = C5F4AB2313E75D46006C83F7 /* Security.framework */; };
		C5F4ABA113E77AAF006C83F7 /* CFNetwork.framework in Frameworks */ = {isa = PBXBuildFile; fileRef = C5F4ABA013E77AAF006C83F7 /* CFNetwork.framework */; };
		C5F4ABA313E77B07006C83F7 /* SystemConfiguration.framework in Frameworks */ = {isa = PBXBuildFile; fileRef = C5F4ABA213E77B07006C83F7 /* SystemConfiguration.framework */; };
		C5F4ABA513E77B12006C83F7 /* MobileCoreServices.framework in Frameworks */ = {isa = PBXBuildFile; fileRef = C5F4ABA413E77B12006C83F7 /* MobileCoreServices.framework */; };
		C5F4ABA713E77B76006C83F7 /* libz.dylib in Frameworks */ = {isa = PBXBuildFile; fileRef = C5F4ABA613E77B75006C83F7 /* libz.dylib */; };
		C5F4ABAE13E77EF4006C83F7 /* SFHFKeychainUtils.m in Sources */ = {isa = PBXBuildFile; fileRef = C5F4ABAD13E77EF4006C83F7 /* SFHFKeychainUtils.m */; };
		C5F4AC0113E77F0A006C83F7 /* ASIAuthenticationDialog.m in Sources */ = {isa = PBXBuildFile; fileRef = C5F4ABB013E77F0A006C83F7 /* ASIAuthenticationDialog.m */; };
		C5F4AC0213E77F0A006C83F7 /* ASIDataCompressor.m in Sources */ = {isa = PBXBuildFile; fileRef = C5F4ABB313E77F0A006C83F7 /* ASIDataCompressor.m */; };
		C5F4AC0313E77F0A006C83F7 /* ASIDataDecompressor.m in Sources */ = {isa = PBXBuildFile; fileRef = C5F4ABB513E77F0A006C83F7 /* ASIDataDecompressor.m */; };
		C5F4AC0413E77F0A006C83F7 /* ASIDownloadCache.m in Sources */ = {isa = PBXBuildFile; fileRef = C5F4ABB713E77F0A006C83F7 /* ASIDownloadCache.m */; };
		C5F4AC0513E77F0A006C83F7 /* ASIFormDataRequest.m in Sources */ = {isa = PBXBuildFile; fileRef = C5F4ABB913E77F0A006C83F7 /* ASIFormDataRequest.m */; };
		C5F4AC0613E77F0A006C83F7 /* ASIHTTPRequest.m in Sources */ = {isa = PBXBuildFile; fileRef = C5F4ABBB13E77F0A006C83F7 /* ASIHTTPRequest.m */; };
		C5F4AC0713E77F0A006C83F7 /* ASIInputStream.m in Sources */ = {isa = PBXBuildFile; fileRef = C5F4ABBF13E77F0A006C83F7 /* ASIInputStream.m */; };
		C5F4AC0813E77F0A006C83F7 /* ASINetworkQueue.m in Sources */ = {isa = PBXBuildFile; fileRef = C5F4ABC113E77F0A006C83F7 /* ASINetworkQueue.m */; };
		C5F4AC2813E77F22006C83F7 /* Reachability.m in Sources */ = {isa = PBXBuildFile; fileRef = C5F4AC2713E77F22006C83F7 /* Reachability.m */; };
/* End PBXBuildFile section */

/* Begin PBXContainerItemProxy section */
		18C7288413D7006500995D63 /* PBXContainerItemProxy */ = {
			isa = PBXContainerItemProxy;
			containerPortal = 18C7285313D7006400995D63 /* Project object */;
			proxyType = 1;
			remoteGlobalIDString = 18C7285B13D7006400995D63;
			remoteInfo = MyEyesAreHungry;
		};
/* End PBXContainerItemProxy section */

/* Begin PBXFileReference section */
		18C7285C13D7006400995D63 /* MyEyesAreHungry.app */ = {isa = PBXFileReference; explicitFileType = wrapper.application; includeInIndex = 0; path = MyEyesAreHungry.app; sourceTree = BUILT_PRODUCTS_DIR; };
		18C7286013D7006400995D63 /* UIKit.framework */ = {isa = PBXFileReference; lastKnownFileType = wrapper.framework; name = UIKit.framework; path = System/Library/Frameworks/UIKit.framework; sourceTree = SDKROOT; };
		18C7286213D7006400995D63 /* Foundation.framework */ = {isa = PBXFileReference; lastKnownFileType = wrapper.framework; name = Foundation.framework; path = System/Library/Frameworks/Foundation.framework; sourceTree = SDKROOT; };
		18C7286413D7006400995D63 /* CoreGraphics.framework */ = {isa = PBXFileReference; lastKnownFileType = wrapper.framework; name = CoreGraphics.framework; path = System/Library/Frameworks/CoreGraphics.framework; sourceTree = SDKROOT; };
		18C7286813D7006400995D63 /* MyEyesAreHungry-Info.plist */ = {isa = PBXFileReference; lastKnownFileType = text.plist.xml; path = "MyEyesAreHungry-Info.plist"; sourceTree = "<group>"; };
		18C7286A13D7006400995D63 /* en */ = {isa = PBXFileReference; lastKnownFileType = text.plist.strings; name = en; path = en.lproj/InfoPlist.strings; sourceTree = "<group>"; };
		18C7286C13D7006400995D63 /* MyEyesAreHungry-Prefix.pch */ = {isa = PBXFileReference; lastKnownFileType = sourcecode.c.h; path = "MyEyesAreHungry-Prefix.pch"; sourceTree = "<group>"; };
		18C7286D13D7006400995D63 /* main.m */ = {isa = PBXFileReference; lastKnownFileType = sourcecode.c.objc; path = main.m; sourceTree = "<group>"; };
		18C7286F13D7006400995D63 /* MyEyesAreHungryAppDelegate.h */ = {isa = PBXFileReference; lastKnownFileType = sourcecode.c.h; path = MyEyesAreHungryAppDelegate.h; sourceTree = "<group>"; };
		18C7287013D7006400995D63 /* MyEyesAreHungryAppDelegate.m */ = {isa = PBXFileReference; lastKnownFileType = sourcecode.c.objc; path = MyEyesAreHungryAppDelegate.m; sourceTree = "<group>"; };
		18C7287313D7006400995D63 /* en */ = {isa = PBXFileReference; lastKnownFileType = file.xib; name = en; path = en.lproj/MainWindow.xib; sourceTree = "<group>"; };
		18C7287513D7006400995D63 /* RootViewController.h */ = {isa = PBXFileReference; lastKnownFileType = sourcecode.c.h; path = RootViewController.h; sourceTree = "<group>"; };
		18C7287613D7006400995D63 /* RootViewController.m */ = {isa = PBXFileReference; lastKnownFileType = sourcecode.c.objc; path = RootViewController.m; sourceTree = "<group>"; };
		18C7287913D7006400995D63 /* en */ = {isa = PBXFileReference; lastKnownFileType = file.xib; name = en; path = en.lproj/RootViewController.xib; sourceTree = "<group>"; };
		18C7288013D7006500995D63 /* MyEyesAreHungryTests.octest */ = {isa = PBXFileReference; explicitFileType = wrapper.cfbundle; includeInIndex = 0; path = MyEyesAreHungryTests.octest; sourceTree = BUILT_PRODUCTS_DIR; };
		18C7288813D7006500995D63 /* MyEyesAreHungryTests-Info.plist */ = {isa = PBXFileReference; lastKnownFileType = text.plist.xml; path = "MyEyesAreHungryTests-Info.plist"; sourceTree = "<group>"; };
		18C7288A13D7006500995D63 /* en */ = {isa = PBXFileReference; lastKnownFileType = text.plist.strings; name = en; path = en.lproj/InfoPlist.strings; sourceTree = "<group>"; };
		18C7288C13D7006500995D63 /* MyEyesAreHungryTests-Prefix.pch */ = {isa = PBXFileReference; lastKnownFileType = sourcecode.c.h; path = "MyEyesAreHungryTests-Prefix.pch"; sourceTree = "<group>"; };
		18C7288D13D7006500995D63 /* MyEyesAreHungryTests.h */ = {isa = PBXFileReference; lastKnownFileType = sourcecode.c.h; path = MyEyesAreHungryTests.h; sourceTree = "<group>"; };
		18C7288F13D7006500995D63 /* MyEyesAreHungryTests.m */ = {isa = PBXFileReference; lastKnownFileType = sourcecode.c.objc; path = MyEyesAreHungryTests.m; sourceTree = "<group>"; };
		C5274D3913E88B420012F02D /* Entitlements.plist */ = {isa = PBXFileReference; fileEncoding = 4; lastKnownFileType = text.plist.xml; name = Entitlements.plist; path = ../Entitlements.plist; sourceTree = "<group>"; };
		C54B444E13E9EAF30073578C /* UserPass.h */ = {isa = PBXFileReference; fileEncoding = 4; lastKnownFileType = sourcecode.c.h; path = UserPass.h; sourceTree = "<group>"; };
		C54B444F13E9EAF30073578C /* UserPass.m */ = {isa = PBXFileReference; fileEncoding = 4; lastKnownFileType = sourcecode.c.objc; path = UserPass.m; sourceTree = "<group>"; };
		C557FEA413F30E6E000AEF78 /* UploadArrays.h */ = {isa = PBXFileReference; fileEncoding = 4; lastKnownFileType = sourcecode.c.h; path = UploadArrays.h; sourceTree = "<group>"; };
		C557FEA513F30E6E000AEF78 /* UploadArrays.m */ = {isa = PBXFileReference; fileEncoding = 4; lastKnownFileType = sourcecode.c.objc; path = UploadArrays.m; sourceTree = "<group>"; };
		C55FB12F13EF747A00ABAD1D /* Login.h */ = {isa = PBXFileReference; fileEncoding = 4; lastKnownFileType = sourcecode.c.h; path = Login.h; sourceTree = "<group>"; };
		C55FB13013EF747A00ABAD1D /* Login.m */ = {isa = PBXFileReference; fileEncoding = 4; lastKnownFileType = sourcecode.c.objc; path = Login.m; sourceTree = "<group>"; };
		C56B272813E270FC00204F6D /* WebViewController.h */ = {isa = PBXFileReference; fileEncoding = 4; lastKnownFileType = sourcecode.c.h; path = WebViewController.h; sourceTree = "<group>"; };
		C56B272913E270FD00204F6D /* WebViewController.m */ = {isa = PBXFileReference; fileEncoding = 4; lastKnownFileType = sourcecode.c.objc; path = WebViewController.m; sourceTree = "<group>"; };
		C56B272A13E270FF00204F6D /* WebViewController.xib */ = {isa = PBXFileReference; fileEncoding = 4; lastKnownFileType = file.xib; path = WebViewController.xib; sourceTree = "<group>"; };
		C56B274613E27AC700204F6D /* UploadViewController.h */ = {isa = PBXFileReference; fileEncoding = 4; lastKnownFileType = sourcecode.c.h; path = UploadViewController.h; sourceTree = "<group>"; };
		C56B274713E27AC800204F6D /* UploadViewController.m */ = {isa = PBXFileReference; fileEncoding = 4; lastKnownFileType = sourcecode.c.objc; path = UploadViewController.m; sourceTree = "<group>"; };
		C56B274813E27ACB00204F6D /* UploadViewController.xib */ = {isa = PBXFileReference; fileEncoding = 4; lastKnownFileType = file.xib; path = UploadViewController.xib; sourceTree = "<group>"; };
		C57C4DE513E4CB32000933B9 /* TextCell.xib */ = {isa = PBXFileReference; fileEncoding = 4; lastKnownFileType = file.xib; path = TextCell.xib; sourceTree = "<group>"; };
		C57C4DE913E4CE56000933B9 /* TextCell.h */ = {isa = PBXFileReference; fileEncoding = 4; lastKnownFileType = sourcecode.c.h; path = TextCell.h; sourceTree = "<group>"; };
		C57C4DEA13E4CE56000933B9 /* TextCell.m */ = {isa = PBXFileReference; fileEncoding = 4; lastKnownFileType = sourcecode.c.objc; path = TextCell.m; sourceTree = "<group>"; };
		C5838C9D13E4DB340091FD2F /* LoginViewController.h */ = {isa = PBXFileReference; fileEncoding = 4; lastKnownFileType = sourcecode.c.h; path = LoginViewController.h; sourceTree = "<group>"; };
		C5838C9E13E4DB340091FD2F /* LoginViewController.m */ = {isa = PBXFileReference; fileEncoding = 4; lastKnownFileType = sourcecode.c.objc; path = LoginViewController.m; sourceTree = "<group>"; };
		C5838C9F13E4DB340091FD2F /* LoginViewController.xib */ = {isa = PBXFileReference; fileEncoding = 4; lastKnownFileType = file.xib; path = LoginViewController.xib; sourceTree = "<group>"; };
		C5B7A1F813EE1BE000837FCF /* header_bar_logo_small.png */ = {isa = PBXFileReference; lastKnownFileType = image.png; name = header_bar_logo_small.png; path = ../../header_bar_logo_small.png; sourceTree = "<group>"; };
		C5B7A1FA13EE1DF200837FCF /* header_bar_small.png */ = {isa = PBXFileReference; lastKnownFileType = image.png; name = header_bar_small.png; path = ../../header_bar_small.png; sourceTree = "<group>"; };
		C5EAA93113EFC19B005190FC /* frank.jpeg */ = {isa = PBXFileReference; lastKnownFileType = image.jpeg; name = frank.jpeg; path = ../../../pics/frank.jpeg; sourceTree = "<group>"; };
		C5F27FE313FCE1B900AEB420 /* FollowsViewController.h */ = {isa = PBXFileReference; fileEncoding = 4; lastKnownFileType = sourcecode.c.h; path = FollowsViewController.h; sourceTree = "<group>"; };
		C5F27FE413FCE1B900AEB420 /* FollowsViewController.m */ = {isa = PBXFileReference; fileEncoding = 4; lastKnownFileType = sourcecode.c.objc; path = FollowsViewController.m; sourceTree = "<group>"; };
		C5F27FE513FCE1B900AEB420 /* FollowsViewController.xib */ = {isa = PBXFileReference; fileEncoding = 4; lastKnownFileType = file.xib; path = FollowsViewController.xib; sourceTree = "<group>"; };
		C5F4AB2313E75D46006C83F7 /* Security.framework */ = {isa = PBXFileReference; lastKnownFileType = wrapper.framework; name = Security.framework; path = System/Library/Frameworks/Security.framework; sourceTree = SDKROOT; };
		C5F4ABA013E77AAF006C83F7 /* CFNetwork.framework */ = {isa = PBXFileReference; lastKnownFileType = wrapper.framework; name = CFNetwork.framework; path = System/Library/Frameworks/CFNetwork.framework; sourceTree = SDKROOT; };
		C5F4ABA213E77B07006C83F7 /* SystemConfiguration.framework */ = {isa = PBXFileReference; lastKnownFileType = wrapper.framework; name = SystemConfiguration.framework; path = System/Library/Frameworks/SystemConfiguration.framework; sourceTree = SDKROOT; };
		C5F4ABA413E77B12006C83F7 /* MobileCoreServices.framework */ = {isa = PBXFileReference; lastKnownFileType = wrapper.framework; name = MobileCoreServices.framework; path = System/Library/Frameworks/MobileCoreServices.framework; sourceTree = SDKROOT; };
		C5F4ABA613E77B75006C83F7 /* libz.dylib */ = {isa = PBXFileReference; lastKnownFileType = "compiled.mach-o.dylib"; name = libz.dylib; path = usr/lib/libz.dylib; sourceTree = SDKROOT; };
		C5F4ABAC13E77EF4006C83F7 /* SFHFKeychainUtils.h */ = {isa = PBXFileReference; fileEncoding = 4; lastKnownFileType = sourcecode.c.h; path = SFHFKeychainUtils.h; sourceTree = "<group>"; };
		C5F4ABAD13E77EF4006C83F7 /* SFHFKeychainUtils.m */ = {isa = PBXFileReference; fileEncoding = 4; lastKnownFileType = sourcecode.c.objc; path = SFHFKeychainUtils.m; sourceTree = "<group>"; };
		C5F4ABAF13E77F0A006C83F7 /* ASIAuthenticationDialog.h */ = {isa = PBXFileReference; fileEncoding = 4; lastKnownFileType = sourcecode.c.h; path = ASIAuthenticationDialog.h; sourceTree = "<group>"; };
		C5F4ABB013E77F0A006C83F7 /* ASIAuthenticationDialog.m */ = {isa = PBXFileReference; fileEncoding = 4; lastKnownFileType = sourcecode.c.objc; path = ASIAuthenticationDialog.m; sourceTree = "<group>"; };
		C5F4ABB113E77F0A006C83F7 /* ASICacheDelegate.h */ = {isa = PBXFileReference; fileEncoding = 4; lastKnownFileType = sourcecode.c.h; path = ASICacheDelegate.h; sourceTree = "<group>"; };
		C5F4ABB213E77F0A006C83F7 /* ASIDataCompressor.h */ = {isa = PBXFileReference; fileEncoding = 4; lastKnownFileType = sourcecode.c.h; path = ASIDataCompressor.h; sourceTree = "<group>"; };
		C5F4ABB313E77F0A006C83F7 /* ASIDataCompressor.m */ = {isa = PBXFileReference; fileEncoding = 4; lastKnownFileType = sourcecode.c.objc; path = ASIDataCompressor.m; sourceTree = "<group>"; };
		C5F4ABB413E77F0A006C83F7 /* ASIDataDecompressor.h */ = {isa = PBXFileReference; fileEncoding = 4; lastKnownFileType = sourcecode.c.h; path = ASIDataDecompressor.h; sourceTree = "<group>"; };
		C5F4ABB513E77F0A006C83F7 /* ASIDataDecompressor.m */ = {isa = PBXFileReference; fileEncoding = 4; lastKnownFileType = sourcecode.c.objc; path = ASIDataDecompressor.m; sourceTree = "<group>"; };
		C5F4ABB613E77F0A006C83F7 /* ASIDownloadCache.h */ = {isa = PBXFileReference; fileEncoding = 4; lastKnownFileType = sourcecode.c.h; path = ASIDownloadCache.h; sourceTree = "<group>"; };
		C5F4ABB713E77F0A006C83F7 /* ASIDownloadCache.m */ = {isa = PBXFileReference; fileEncoding = 4; lastKnownFileType = sourcecode.c.objc; path = ASIDownloadCache.m; sourceTree = "<group>"; };
		C5F4ABB813E77F0A006C83F7 /* ASIFormDataRequest.h */ = {isa = PBXFileReference; fileEncoding = 4; lastKnownFileType = sourcecode.c.h; path = ASIFormDataRequest.h; sourceTree = "<group>"; };
		C5F4ABB913E77F0A006C83F7 /* ASIFormDataRequest.m */ = {isa = PBXFileReference; fileEncoding = 4; lastKnownFileType = sourcecode.c.objc; path = ASIFormDataRequest.m; sourceTree = "<group>"; };
		C5F4ABBA13E77F0A006C83F7 /* ASIHTTPRequest.h */ = {isa = PBXFileReference; fileEncoding = 4; lastKnownFileType = sourcecode.c.h; path = ASIHTTPRequest.h; sourceTree = "<group>"; };
		C5F4ABBB13E77F0A006C83F7 /* ASIHTTPRequest.m */ = {isa = PBXFileReference; fileEncoding = 4; lastKnownFileType = sourcecode.c.objc; path = ASIHTTPRequest.m; sourceTree = "<group>"; };
		C5F4ABBC13E77F0A006C83F7 /* ASIHTTPRequestConfig.h */ = {isa = PBXFileReference; fileEncoding = 4; lastKnownFileType = sourcecode.c.h; path = ASIHTTPRequestConfig.h; sourceTree = "<group>"; };
		C5F4ABBD13E77F0A006C83F7 /* ASIHTTPRequestDelegate.h */ = {isa = PBXFileReference; fileEncoding = 4; lastKnownFileType = sourcecode.c.h; path = ASIHTTPRequestDelegate.h; sourceTree = "<group>"; };
		C5F4ABBE13E77F0A006C83F7 /* ASIInputStream.h */ = {isa = PBXFileReference; fileEncoding = 4; lastKnownFileType = sourcecode.c.h; path = ASIInputStream.h; sourceTree = "<group>"; };
		C5F4ABBF13E77F0A006C83F7 /* ASIInputStream.m */ = {isa = PBXFileReference; fileEncoding = 4; lastKnownFileType = sourcecode.c.objc; path = ASIInputStream.m; sourceTree = "<group>"; };
		C5F4ABC013E77F0A006C83F7 /* ASINetworkQueue.h */ = {isa = PBXFileReference; fileEncoding = 4; lastKnownFileType = sourcecode.c.h; path = ASINetworkQueue.h; sourceTree = "<group>"; };
		C5F4ABC113E77F0A006C83F7 /* ASINetworkQueue.m */ = {isa = PBXFileReference; fileEncoding = 4; lastKnownFileType = sourcecode.c.objc; path = ASINetworkQueue.m; sourceTree = "<group>"; };
		C5F4ABC213E77F0A006C83F7 /* ASIProgressDelegate.h */ = {isa = PBXFileReference; fileEncoding = 4; lastKnownFileType = sourcecode.c.h; path = ASIProgressDelegate.h; sourceTree = "<group>"; };
		C5F4AC2613E77F22006C83F7 /* Reachability.h */ = {isa = PBXFileReference; fileEncoding = 4; lastKnownFileType = sourcecode.c.h; path = Reachability.h; sourceTree = "<group>"; };
		C5F4AC2713E77F22006C83F7 /* Reachability.m */ = {isa = PBXFileReference; fileEncoding = 4; lastKnownFileType = sourcecode.c.objc; path = Reachability.m; sourceTree = "<group>"; };
/* End PBXFileReference section */

/* Begin PBXFrameworksBuildPhase section */
		18C7285913D7006400995D63 /* Frameworks */ = {
			isa = PBXFrameworksBuildPhase;
			buildActionMask = 2147483647;
			files = (
				C5F4ABA713E77B76006C83F7 /* libz.dylib in Frameworks */,
				C5F4ABA513E77B12006C83F7 /* MobileCoreServices.framework in Frameworks */,
				C5F4ABA313E77B07006C83F7 /* SystemConfiguration.framework in Frameworks */,
				C5F4ABA113E77AAF006C83F7 /* CFNetwork.framework in Frameworks */,
				C5F4AB2413E75D46006C83F7 /* Security.framework in Frameworks */,
				18C7286113D7006400995D63 /* UIKit.framework in Frameworks */,
				18C7286313D7006400995D63 /* Foundation.framework in Frameworks */,
				18C7286513D7006400995D63 /* CoreGraphics.framework in Frameworks */,
			);
			runOnlyForDeploymentPostprocessing = 0;
		};
		18C7287C13D7006500995D63 /* Frameworks */ = {
			isa = PBXFrameworksBuildPhase;
			buildActionMask = 2147483647;
			files = (
				18C7288113D7006500995D63 /* UIKit.framework in Frameworks */,
				18C7288213D7006500995D63 /* Foundation.framework in Frameworks */,
				18C7288313D7006500995D63 /* CoreGraphics.framework in Frameworks */,
			);
			runOnlyForDeploymentPostprocessing = 0;
		};
/* End PBXFrameworksBuildPhase section */

/* Begin PBXGroup section */
		18C7285113D7006400995D63 = {
			isa = PBXGroup;
			children = (
				18C7286613D7006400995D63 /* MyEyesAreHungry */,
				18C7288613D7006500995D63 /* MyEyesAreHungryTests */,
				18C7285F13D7006400995D63 /* Frameworks */,
				18C7285D13D7006400995D63 /* Products */,
			);
			sourceTree = "<group>";
		};
		18C7285D13D7006400995D63 /* Products */ = {
			isa = PBXGroup;
			children = (
				18C7285C13D7006400995D63 /* MyEyesAreHungry.app */,
				18C7288013D7006500995D63 /* MyEyesAreHungryTests.octest */,
			);
			name = Products;
			sourceTree = "<group>";
		};
		18C7285F13D7006400995D63 /* Frameworks */ = {
			isa = PBXGroup;
			children = (
				C5F4ABA613E77B75006C83F7 /* libz.dylib */,
				C5F4ABA413E77B12006C83F7 /* MobileCoreServices.framework */,
				C5F4ABA213E77B07006C83F7 /* SystemConfiguration.framework */,
				C5F4ABA013E77AAF006C83F7 /* CFNetwork.framework */,
				C5F4AB2313E75D46006C83F7 /* Security.framework */,
				18C7286013D7006400995D63 /* UIKit.framework */,
				18C7286213D7006400995D63 /* Foundation.framework */,
				18C7286413D7006400995D63 /* CoreGraphics.framework */,
			);
			name = Frameworks;
			sourceTree = "<group>";
		};
		18C7286613D7006400995D63 /* MyEyesAreHungry */ = {
			isa = PBXGroup;
			children = (
				C5B7A1F613EE1B9900837FCF /* Images */,
				C5F4ABA813E77E83006C83F7 /* SFHFKeychainUtils */,
				C5F4AB2513E77865006C83F7 /* ASIHTTPRequest */,
				C55FB12F13EF747A00ABAD1D /* Login.h */,
				C55FB13013EF747A00ABAD1D /* Login.m */,
				C54B444E13E9EAF30073578C /* UserPass.h */,
				C54B444F13E9EAF30073578C /* UserPass.m */,
				18C7286F13D7006400995D63 /* MyEyesAreHungryAppDelegate.h */,
				18C7287013D7006400995D63 /* MyEyesAreHungryAppDelegate.m */,
				18C7287513D7006400995D63 /* RootViewController.h */,
				18C7287613D7006400995D63 /* RootViewController.m */,
				C5838C9D13E4DB340091FD2F /* LoginViewController.h */,
				C5838C9E13E4DB340091FD2F /* LoginViewController.m */,
				C57C4DE913E4CE56000933B9 /* TextCell.h */,
				C57C4DEA13E4CE56000933B9 /* TextCell.m */,
				C56B274613E27AC700204F6D /* UploadViewController.h */,
				C56B274713E27AC800204F6D /* UploadViewController.m */,
				C557FEA413F30E6E000AEF78 /* UploadArrays.h */,
				C557FEA513F30E6E000AEF78 /* UploadArrays.m */,
				C56B272813E270FC00204F6D /* WebViewController.h */,
				C56B272913E270FD00204F6D /* WebViewController.m */,
				C5F27FE313FCE1B900AEB420 /* FollowsViewController.h */,
				C5F27FE413FCE1B900AEB420 /* FollowsViewController.m */,
				18C7286713D7006400995D63 /* Supporting Files */,
			);
			path = MyEyesAreHungry;
			sourceTree = "<group>";
		};
		18C7286713D7006400995D63 /* Supporting Files */ = {
			isa = PBXGroup;
			children = (
				C5274D3913E88B420012F02D /* Entitlements.plist */,
				18C7287213D7006400995D63 /* MainWindow.xib */,
				C57C4DE513E4CB32000933B9 /* TextCell.xib */,
				18C7287813D7006400995D63 /* RootViewController.xib */,
				C56B274813E27ACB00204F6D /* UploadViewController.xib */,
				C56B272A13E270FF00204F6D /* WebViewController.xib */,
				C5838C9F13E4DB340091FD2F /* LoginViewController.xib */,
				C5F27FE513FCE1B900AEB420 /* FollowsViewController.xib */,
				18C7286813D7006400995D63 /* MyEyesAreHungry-Info.plist */,
				18C7286913D7006400995D63 /* InfoPlist.strings */,
				18C7286C13D7006400995D63 /* MyEyesAreHungry-Prefix.pch */,
				18C7286D13D7006400995D63 /* main.m */,
			);
			name = "Supporting Files";
			sourceTree = "<group>";
		};
		18C7288613D7006500995D63 /* MyEyesAreHungryTests */ = {
			isa = PBXGroup;
			children = (
				18C7288D13D7006500995D63 /* MyEyesAreHungryTests.h */,
				18C7288F13D7006500995D63 /* MyEyesAreHungryTests.m */,
				18C7288713D7006500995D63 /* Supporting Files */,
			);
			path = MyEyesAreHungryTests;
			sourceTree = "<group>";
		};
		18C7288713D7006500995D63 /* Supporting Files */ = {
			isa = PBXGroup;
			children = (
				18C7288813D7006500995D63 /* MyEyesAreHungryTests-Info.plist */,
				18C7288913D7006500995D63 /* InfoPlist.strings */,
				18C7288C13D7006500995D63 /* MyEyesAreHungryTests-Prefix.pch */,
			);
			name = "Supporting Files";
			sourceTree = "<group>";
		};
		C5B7A1F613EE1B9900837FCF /* Images */ = {
			isa = PBXGroup;
			children = (
				C5B7A1FA13EE1DF200837FCF /* header_bar_small.png */,
				C5EAA93113EFC19B005190FC /* frank.jpeg */,
				C5B7A1F813EE1BE000837FCF /* header_bar_logo_small.png */,
			);
			name = Images;
			sourceTree = "<group>";
		};
		C5F4AB2513E77865006C83F7 /* ASIHTTPRequest */ = {
			isa = PBXGroup;
			children = (
				C5F4AC2613E77F22006C83F7 /* Reachability.h */,
				C5F4AC2713E77F22006C83F7 /* Reachability.m */,
				C5F4ABAF13E77F0A006C83F7 /* ASIAuthenticationDialog.h */,
				C5F4ABB013E77F0A006C83F7 /* ASIAuthenticationDialog.m */,
				C5F4ABB113E77F0A006C83F7 /* ASICacheDelegate.h */,
				C5F4ABB213E77F0A006C83F7 /* ASIDataCompressor.h */,
				C5F4ABB313E77F0A006C83F7 /* ASIDataCompressor.m */,
				C5F4ABB413E77F0A006C83F7 /* ASIDataDecompressor.h */,
				C5F4ABB513E77F0A006C83F7 /* ASIDataDecompressor.m */,
				C5F4ABB613E77F0A006C83F7 /* ASIDownloadCache.h */,
				C5F4ABB713E77F0A006C83F7 /* ASIDownloadCache.m */,
				C5F4ABB813E77F0A006C83F7 /* ASIFormDataRequest.h */,
				C5F4ABB913E77F0A006C83F7 /* ASIFormDataRequest.m */,
				C5F4ABBA13E77F0A006C83F7 /* ASIHTTPRequest.h */,
				C5F4ABBB13E77F0A006C83F7 /* ASIHTTPRequest.m */,
				C5F4ABBC13E77F0A006C83F7 /* ASIHTTPRequestConfig.h */,
				C5F4ABBD13E77F0A006C83F7 /* ASIHTTPRequestDelegate.h */,
				C5F4ABBE13E77F0A006C83F7 /* ASIInputStream.h */,
				C5F4ABBF13E77F0A006C83F7 /* ASIInputStream.m */,
				C5F4ABC013E77F0A006C83F7 /* ASINetworkQueue.h */,
				C5F4ABC113E77F0A006C83F7 /* ASINetworkQueue.m */,
				C5F4ABC213E77F0A006C83F7 /* ASIProgressDelegate.h */,
			);
			name = ASIHTTPRequest;
			sourceTree = "<group>";
		};
		C5F4ABA813E77E83006C83F7 /* SFHFKeychainUtils */ = {
			isa = PBXGroup;
			children = (
				C5F4ABAC13E77EF4006C83F7 /* SFHFKeychainUtils.h */,
				C5F4ABAD13E77EF4006C83F7 /* SFHFKeychainUtils.m */,
			);
			name = SFHFKeychainUtils;
			sourceTree = "<group>";
		};
/* End PBXGroup section */

/* Begin PBXNativeTarget section */
		18C7285B13D7006400995D63 /* MyEyesAreHungry */ = {
			isa = PBXNativeTarget;
			buildConfigurationList = 18C7289313D7006500995D63 /* Build configuration list for PBXNativeTarget "MyEyesAreHungry" */;
			buildPhases = (
				18C7285813D7006400995D63 /* Sources */,
				18C7285913D7006400995D63 /* Frameworks */,
				18C7285A13D7006400995D63 /* Resources */,
			);
			buildRules = (
			);
			dependencies = (
			);
			name = MyEyesAreHungry;
			productName = MyEyesAreHungry;
			productReference = 18C7285C13D7006400995D63 /* MyEyesAreHungry.app */;
			productType = "com.apple.product-type.application";
		};
		18C7287F13D7006500995D63 /* MyEyesAreHungryTests */ = {
			isa = PBXNativeTarget;
			buildConfigurationList = 18C7289613D7006500995D63 /* Build configuration list for PBXNativeTarget "MyEyesAreHungryTests" */;
			buildPhases = (
				18C7287B13D7006500995D63 /* Sources */,
				18C7287C13D7006500995D63 /* Frameworks */,
				18C7287D13D7006500995D63 /* Resources */,
				18C7287E13D7006500995D63 /* ShellScript */,
			);
			buildRules = (
			);
			dependencies = (
				18C7288513D7006500995D63 /* PBXTargetDependency */,
			);
			name = MyEyesAreHungryTests;
			productName = MyEyesAreHungryTests;
			productReference = 18C7288013D7006500995D63 /* MyEyesAreHungryTests.octest */;
			productType = "com.apple.product-type.bundle";
		};
/* End PBXNativeTarget section */

/* Begin PBXProject section */
		18C7285313D7006400995D63 /* Project object */ = {
			isa = PBXProject;
			attributes = {
				ORGANIZATIONNAME = self;
			};
			buildConfigurationList = 18C7285613D7006400995D63 /* Build configuration list for PBXProject "MyEyesAreHungry" */;
			compatibilityVersion = "Xcode 3.2";
			developmentRegion = English;
			hasScannedForEncodings = 0;
			knownRegions = (
				en,
			);
			mainGroup = 18C7285113D7006400995D63;
			productRefGroup = 18C7285D13D7006400995D63 /* Products */;
			projectDirPath = "";
			projectRoot = "";
			targets = (
				18C7285B13D7006400995D63 /* MyEyesAreHungry */,
				18C7287F13D7006500995D63 /* MyEyesAreHungryTests */,
			);
		};
/* End PBXProject section */

/* Begin PBXResourcesBuildPhase section */
		18C7285A13D7006400995D63 /* Resources */ = {
			isa = PBXResourcesBuildPhase;
			buildActionMask = 2147483647;
			files = (
				18C7286B13D7006400995D63 /* InfoPlist.strings in Resources */,
				18C7287413D7006400995D63 /* MainWindow.xib in Resources */,
				18C7287A13D7006400995D63 /* RootViewController.xib in Resources */,
				C56B272C13E2710000204F6D /* WebViewController.xib in Resources */,
				C56B274A13E27AD100204F6D /* UploadViewController.xib in Resources */,
				C57C4DE713E4CB32000933B9 /* TextCell.xib in Resources */,
				C5838CA113E4DB340091FD2F /* LoginViewController.xib in Resources */,
				C5274D3A13E88B420012F02D /* Entitlements.plist in Resources */,
				C5B7A1F913EE1BE000837FCF /* header_bar_logo_small.png in Resources */,
				C5B7A1FB13EE1DF200837FCF /* header_bar_small.png in Resources */,
				C5EAA93213EFC19B005190FC /* frank.jpeg in Resources */,
				C5F27FE713FCE1B900AEB420 /* FollowsViewController.xib in Resources */,
			);
			runOnlyForDeploymentPostprocessing = 0;
		};
		18C7287D13D7006500995D63 /* Resources */ = {
			isa = PBXResourcesBuildPhase;
			buildActionMask = 2147483647;
			files = (
				18C7288B13D7006500995D63 /* InfoPlist.strings in Resources */,
				18C7288E13D7006500995D63 /* MyEyesAreHungryTests.h in Resources */,
			);
			runOnlyForDeploymentPostprocessing = 0;
		};
/* End PBXResourcesBuildPhase section */

/* Begin PBXShellScriptBuildPhase section */
		18C7287E13D7006500995D63 /* ShellScript */ = {
			isa = PBXShellScriptBuildPhase;
			buildActionMask = 2147483647;
			files = (
			);
			inputPaths = (
			);
			outputPaths = (
			);
			runOnlyForDeploymentPostprocessing = 0;
			shellPath = /bin/sh;
			shellScript = "# Run the unit tests in this test bundle.\n\"${SYSTEM_DEVELOPER_DIR}/Tools/RunUnitTests\"\n";
		};
/* End PBXShellScriptBuildPhase section */

/* Begin PBXSourcesBuildPhase section */
		18C7285813D7006400995D63 /* Sources */ = {
			isa = PBXSourcesBuildPhase;
			buildActionMask = 2147483647;
			files = (
				18C7286E13D7006400995D63 /* main.m in Sources */,
				18C7287113D7006400995D63 /* MyEyesAreHungryAppDelegate.m in Sources */,
				18C7287713D7006400995D63 /* RootViewController.m in Sources */,
				C56B272B13E2710000204F6D /* WebViewController.m in Sources */,
				C56B274913E27AD100204F6D /* UploadViewController.m in Sources */,
				C57C4DEB13E4CE56000933B9 /* TextCell.m in Sources */,
				C5838CA013E4DB340091FD2F /* LoginViewController.m in Sources */,
				C5F4ABAE13E77EF4006C83F7 /* SFHFKeychainUtils.m in Sources */,
				C5F4AC0113E77F0A006C83F7 /* ASIAuthenticationDialog.m in Sources */,
				C5F4AC0213E77F0A006C83F7 /* ASIDataCompressor.m in Sources */,
				C5F4AC0313E77F0A006C83F7 /* ASIDataDecompressor.m in Sources */,
				C5F4AC0413E77F0A006C83F7 /* ASIDownloadCache.m in Sources */,
				C5F4AC0513E77F0A006C83F7 /* ASIFormDataRequest.m in Sources */,
				C5F4AC0613E77F0A006C83F7 /* ASIHTTPRequest.m in Sources */,
				C5F4AC0713E77F0A006C83F7 /* ASIInputStream.m in Sources */,
				C5F4AC0813E77F0A006C83F7 /* ASINetworkQueue.m in Sources */,
				C5F4AC2813E77F22006C83F7 /* Reachability.m in Sources */,
				C54B445013E9EAF30073578C /* UserPass.m in Sources */,
				C55FB13113EF747A00ABAD1D /* Login.m in Sources */,
				C557FEA613F30E6E000AEF78 /* UploadArrays.m in Sources */,
				C5F27FE613FCE1B900AEB420 /* FollowsViewController.m in Sources */,
			);
			runOnlyForDeploymentPostprocessing = 0;
		};
		18C7287B13D7006500995D63 /* Sources */ = {
			isa = PBXSourcesBuildPhase;
			buildActionMask = 2147483647;
			files = (
				18C7289013D7006500995D63 /* MyEyesAreHungryTests.m in Sources */,
			);
			runOnlyForDeploymentPostprocessing = 0;
		};
/* End PBXSourcesBuildPhase section */

/* Begin PBXTargetDependency section */
		18C7288513D7006500995D63 /* PBXTargetDependency */ = {
			isa = PBXTargetDependency;
			target = 18C7285B13D7006400995D63 /* MyEyesAreHungry */;
			targetProxy = 18C7288413D7006500995D63 /* PBXContainerItemProxy */;
		};
/* End PBXTargetDependency section */

/* Begin PBXVariantGroup section */
		18C7286913D7006400995D63 /* InfoPlist.strings */ = {
			isa = PBXVariantGroup;
			children = (
				18C7286A13D7006400995D63 /* en */,
			);
			name = InfoPlist.strings;
			sourceTree = "<group>";
		};
		18C7287213D7006400995D63 /* MainWindow.xib */ = {
			isa = PBXVariantGroup;
			children = (
				18C7287313D7006400995D63 /* en */,
			);
			name = MainWindow.xib;
			sourceTree = "<group>";
		};
		18C7287813D7006400995D63 /* RootViewController.xib */ = {
			isa = PBXVariantGroup;
			children = (
				18C7287913D7006400995D63 /* en */,
			);
			name = RootViewController.xib;
			sourceTree = "<group>";
		};
		18C7288913D7006500995D63 /* InfoPlist.strings */ = {
			isa = PBXVariantGroup;
			children = (
				18C7288A13D7006500995D63 /* en */,
			);
			name = InfoPlist.strings;
			sourceTree = "<group>";
		};
/* End PBXVariantGroup section */

/* Begin XCBuildConfiguration section */
		18C7289113D7006500995D63 /* Debug */ = {
			isa = XCBuildConfiguration;
			buildSettings = {
				ARCHS = "$(ARCHS_STANDARD_32_BIT)";
				CODE_SIGN_IDENTITY = "iPhone Developer";
				"CODE_SIGN_IDENTITY[sdk=*]" = "iPhone Developer";
				GCC_C_LANGUAGE_STANDARD = gnu99;
				GCC_OPTIMIZATION_LEVEL = 0;
				GCC_PREPROCESSOR_DEFINITIONS = DEBUG;
				GCC_SYMBOLS_PRIVATE_EXTERN = NO;
				GCC_VERSION = com.apple.compilers.llvmgcc42;
				GCC_WARN_ABOUT_RETURN_TYPE = YES;
				GCC_WARN_UNUSED_VARIABLE = YES;
				IPHONEOS_DEPLOYMENT_TARGET = 4.3;
				OTHER_CFLAGS = "";
				PROVISIONING_PROFILE = "";
				"PROVISIONING_PROFILE[sdk=*]" = "";
				SDKROOT = iphoneos;
			};
			name = Debug;
		};
		18C7289213D7006500995D63 /* Release */ = {
			isa = XCBuildConfiguration;
			buildSettings = {
				ARCHS = "$(ARCHS_STANDARD_32_BIT)";
				CODE_SIGN_IDENTITY = "iPhone Developer";
				"CODE_SIGN_IDENTITY[sdk=*]" = "iPhone Developer";
				GCC_C_LANGUAGE_STANDARD = gnu99;
				GCC_VERSION = com.apple.compilers.llvmgcc42;
				GCC_WARN_ABOUT_RETURN_TYPE = YES;
				GCC_WARN_UNUSED_VARIABLE = YES;
				IPHONEOS_DEPLOYMENT_TARGET = 4.3;
				OTHER_CFLAGS = "-DNS_BLOCK_ASSERTIONS=1";
				PROVISIONING_PROFILE = "";
				SDKROOT = iphoneos;
			};
			name = Release;
		};
		18C7289413D7006500995D63 /* Debug */ = {
			isa = XCBuildConfiguration;
			buildSettings = {
				ALWAYS_SEARCH_USER_PATHS = NO;
				COPY_PHASE_STRIP = NO;
				GCC_DYNAMIC_NO_PIC = NO;
				GCC_PRECOMPILE_PREFIX_HEADER = YES;
				GCC_PREFIX_HEADER = "MyEyesAreHungry/MyEyesAreHungry-Prefix.pch";
				INFOPLIST_FILE = "MyEyesAreHungry/MyEyesAreHungry-Info.plist";
				IPHONEOS_DEPLOYMENT_TARGET = 4.1;
				PRODUCT_NAME = "$(TARGET_NAME)";
				WRAPPER_EXTENSION = app;
			};
			name = Debug;
		};
		18C7289513D7006500995D63 /* Release */ = {
			isa = XCBuildConfiguration;
			buildSettings = {
				ALWAYS_SEARCH_USER_PATHS = NO;
				COPY_PHASE_STRIP = YES;
				GCC_PRECOMPILE_PREFIX_HEADER = YES;
				GCC_PREFIX_HEADER = "MyEyesAreHungry/MyEyesAreHungry-Prefix.pch";
				INFOPLIST_FILE = "MyEyesAreHungry/MyEyesAreHungry-Info.plist";
				IPHONEOS_DEPLOYMENT_TARGET = 4.1;
				PRODUCT_NAME = "$(TARGET_NAME)";
				VALIDATE_PRODUCT = YES;
				WRAPPER_EXTENSION = app;
			};
			name = Release;
		};
		18C7289713D7006500995D63 /* Debug */ = {
			isa = XCBuildConfiguration;
			buildSettings = {
				ALWAYS_SEARCH_USER_PATHS = NO;
				BUNDLE_LOADER = "$(BUILT_PRODUCTS_DIR)/MyEyesAreHungry.app/MyEyesAreHungry";
				FRAMEWORK_SEARCH_PATHS = (
					"$(SDKROOT)/Developer/Library/Frameworks",
					"$(DEVELOPER_LIBRARY_DIR)/Frameworks",
				);
				GCC_PRECOMPILE_PREFIX_HEADER = YES;
				GCC_PREFIX_HEADER = "MyEyesAreHungryTests/MyEyesAreHungryTests-Prefix.pch";
				INFOPLIST_FILE = "MyEyesAreHungryTests/MyEyesAreHungryTests-Info.plist";
				OTHER_LDFLAGS = (
					"-framework",
					SenTestingKit,
				);
				PRODUCT_NAME = "$(TARGET_NAME)";
				TEST_HOST = "$(BUNDLE_LOADER)";
				WRAPPER_EXTENSION = octest;
			};
			name = Debug;
		};
		18C7289813D7006500995D63 /* Release */ = {
			isa = XCBuildConfiguration;
			buildSettings = {
				ALWAYS_SEARCH_USER_PATHS = NO;
				BUNDLE_LOADER = "$(BUILT_PRODUCTS_DIR)/MyEyesAreHungry.app/MyEyesAreHungry";
				FRAMEWORK_SEARCH_PATHS = (
					"$(SDKROOT)/Developer/Library/Frameworks",
					"$(DEVELOPER_LIBRARY_DIR)/Frameworks",
				);
				GCC_PRECOMPILE_PREFIX_HEADER = YES;
				GCC_PREFIX_HEADER = "MyEyesAreHungryTests/MyEyesAreHungryTests-Prefix.pch";
				INFOPLIST_FILE = "MyEyesAreHungryTests/MyEyesAreHungryTests-Info.plist";
				OTHER_LDFLAGS = (
					"-framework",
					SenTestingKit,
				);
				PRODUCT_NAME = "$(TARGET_NAME)";
				TEST_HOST = "$(BUNDLE_LOADER)";
				WRAPPER_EXTENSION = octest;
			};
			name = Release;
		};
		C5274D3613E88A780012F02D /* Ad Hoc */ = {
			isa = XCBuildConfiguration;
			buildSettings = {
				ARCHS = "$(ARCHS_STANDARD_32_BIT)";
				CODE_SIGN_IDENTITY = "iPhone Developer";
				"CODE_SIGN_IDENTITY[sdk=*]" = "iPhone Developer";
				GCC_C_LANGUAGE_STANDARD = gnu99;
				GCC_VERSION = com.apple.compilers.llvmgcc42;
				GCC_WARN_ABOUT_RETURN_TYPE = YES;
				GCC_WARN_UNUSED_VARIABLE = YES;
				IPHONEOS_DEPLOYMENT_TARGET = 4.3;
				OTHER_CFLAGS = "-DNS_BLOCK_ASSERTIONS=1";
				PROVISIONING_PROFILE = "";
				SDKROOT = iphoneos;
			};
			name = "Ad Hoc";
		};
		C5274D3713E88A780012F02D /* Ad Hoc */ = {
			isa = XCBuildConfiguration;
			buildSettings = {
				ALWAYS_SEARCH_USER_PATHS = NO;
				CODE_SIGN_ENTITLEMENTS = Entitlements.plist;
				CODE_SIGN_IDENTITY = "iPhone Distribution";
				"CODE_SIGN_IDENTITY[sdk=*]" = "iPhone Distribution";
				COPY_PHASE_STRIP = YES;
				GCC_PRECOMPILE_PREFIX_HEADER = YES;
				GCC_PREFIX_HEADER = "MyEyesAreHungry/MyEyesAreHungry-Prefix.pch";
				INFOPLIST_FILE = "MyEyesAreHungry/MyEyesAreHungry-Info.plist";
				IPHONEOS_DEPLOYMENT_TARGET = 4.1;
				PRODUCT_NAME = "$(TARGET_NAME)";
				PROVISIONING_PROFILE = "";
				"PROVISIONING_PROFILE[sdk=*]" = "";
				VALIDATE_PRODUCT = YES;
				WRAPPER_EXTENSION = app;
			};
			name = "Ad Hoc";
		};
		C5274D3813E88A780012F02D /* Ad Hoc */ = {
			isa = XCBuildConfiguration;
			buildSettings = {
				ALWAYS_SEARCH_USER_PATHS = NO;
				BUNDLE_LOADER = "$(BUILT_PRODUCTS_DIR)/MyEyesAreHungry.app/MyEyesAreHungry";
				FRAMEWORK_SEARCH_PATHS = (
					"$(SDKROOT)/Developer/Library/Frameworks",
					"$(DEVELOPER_LIBRARY_DIR)/Frameworks",
				);
				GCC_PRECOMPILE_PREFIX_HEADER = YES;
				GCC_PREFIX_HEADER = "MyEyesAreHungryTests/MyEyesAreHungryTests-Prefix.pch";
				INFOPLIST_FILE = "MyEyesAreHungryTests/MyEyesAreHungryTests-Info.plist";
				OTHER_LDFLAGS = (
					"-framework",
					SenTestingKit,
				);
				PRODUCT_NAME = "$(TARGET_NAME)";
				TEST_HOST = "$(BUNDLE_LOADER)";
				WRAPPER_EXTENSION = octest;
			};
			name = "Ad Hoc";
		};
/* End XCBuildConfiguration section */

/* Begin XCConfigurationList section */
		18C7285613D7006400995D63 /* Build configuration list for PBXProject "MyEyesAreHungry" */ = {
			isa = XCConfigurationList;
			buildConfigurations = (
				18C7289113D7006500995D63 /* Debug */,
				18C7289213D7006500995D63 /* Release */,
				C5274D3613E88A780012F02D /* Ad Hoc */,
			);
			defaultConfigurationIsVisible = 0;
			defaultConfigurationName = Debug;
		};
		18C7289313D7006500995D63 /* Build configuration list for PBXNativeTarget "MyEyesAreHungry" */ = {
			isa = XCConfigurationList;
			buildConfigurations = (
				18C7289413D7006500995D63 /* Debug */,
				18C7289513D7006500995D63 /* Release */,
				C5274D3713E88A780012F02D /* Ad Hoc */,
			);
			defaultConfigurationIsVisible = 0;
			defaultConfigurationName = Debug;
		};
		18C7289613D7006500995D63 /* Build configuration list for PBXNativeTarget "MyEyesAreHungryTests" */ = {
			isa = XCConfigurationList;
			buildConfigurations = (
				18C7289713D7006500995D63 /* Debug */,
				18C7289813D7006500995D63 /* Release */,
				C5274D3813E88A780012F02D /* Ad Hoc */,
			);
			defaultConfigurationIsVisible = 0;
			defaultConfigurationName = Debug;
		};
/* End XCConfigurationList section */
	};
	rootObject = 18C7285313D7006400995D63 /* Project object */;
}
